// !$*UTF8*$!
{
	archiveVersion = 1;
	classes = {
	};
	objectVersion = 42;
	objects = {

/* Begin PBXBuildFile section */
		256274961031E8F70023B882 /* images in Resources */ = {isa = PBXBuildFile; fileRef = 256274811031E8F70023B882 /* images */; };
		256C9721104090FA00B5AC3E /* accidentals.cpp in Sources */ = {isa = PBXBuildFile; fileRef = 3CCF0FDA0D86E16E003173B5 /* accidentals.cpp */; };
		256C9722104090FA00B5AC3E /* convertgtp.cpp in Sources */ = {isa = PBXBuildFile; fileRef = 3CCF0FDC0D86E16E003173B5 /* convertgtp.cpp */; };
		256C9723104090FA00B5AC3E /* tabcolumn.cpp in Sources */ = {isa = PBXBuildFile; fileRef = 3CCF0FDF0D86E16E003173B5 /* tabcolumn.cpp */; };
		256C9724104090FA00B5AC3E /* tabsong.cpp in Sources */ = {isa = PBXBuildFile; fileRef = 3CCF0FE10D86E16E003173B5 /* tabsong.cpp */; };
		256C9725104090FA00B5AC3E /* tabtrack.cpp in Sources */ = {isa = PBXBuildFile; fileRef = 3CCF0FE30D86E16E003173B5 /* tabtrack.cpp */; };
		2573F4431049073700D432B8 /* libportaudio.a in Frameworks */ = {isa = PBXBuildFile; fileRef = 254322C20FA6771200D258A6 /* libportaudio.a */; };
		2573F446104907C900D432B8 /* Audio.cpp in Sources */ = {isa = PBXBuildFile; fileRef = 25F5FF680FA71E9D0002BE66 /* Audio.cpp */; };
		2573F447104907D600D432B8 /* libsamplerate.a in Frameworks */ = {isa = PBXBuildFile; fileRef = 25F500290FA725D60002BE66 /* libsamplerate.a */; };
		2573F448104907D600D432B8 /* libid3tag.a in Frameworks */ = {isa = PBXBuildFile; fileRef = 25F5FF490FA71A790002BE66 /* libid3tag.a */; };
		2573F449104907D600D432B8 /* libmad.a in Frameworks */ = {isa = PBXBuildFile; fileRef = 25F5FF4A0FA71A790002BE66 /* libmad.a */; };
		2573F4531049087A00D432B8 /* Backing.cpp in Sources */ = {isa = PBXBuildFile; fileRef = 25F5FF6C0FA71EA70002BE66 /* Backing.cpp */; };
		25BBC6DD103E2A6B00A7CD0E /* shaders in Resources */ = {isa = PBXBuildFile; fileRef = 256274971031E9390023B882 /* shaders */; };
		25C17CB81042794600F81F87 /* Icon.icns in Resources */ = {isa = PBXBuildFile; fileRef = 25C17CB71042794600F81F87 /* Icon.icns */; };
		25C66F83103A27BE00615C65 /* Texture.cpp in Sources */ = {isa = PBXBuildFile; fileRef = 25A28170103207CA00D7C4CD /* Texture.cpp */; };
		25C66F84103A27BE00615C65 /* Node.cpp in Sources */ = {isa = PBXBuildFile; fileRef = 259FACEC10363485005477E7 /* Node.cpp */; };
		25C66F85103A27BE00615C65 /* VectorMath.cpp in Sources */ = {isa = PBXBuildFile; fileRef = 259FACF51036375E005477E7 /* VectorMath.cpp */; };
		25C66F86103A27BE00615C65 /* Renderable.cpp in Sources */ = {isa = PBXBuildFile; fileRef = 259FAD8310364BD6005477E7 /* Renderable.cpp */; };
		25C66F87103A27BE00615C65 /* Label.cpp in Sources */ = {isa = PBXBuildFile; fileRef = 259FADDA103652C3005477E7 /* Label.cpp */; };
		25C6704D103A342800615C65 /* GLUT.framework in Frameworks */ = {isa = PBXBuildFile; fileRef = 25BA379D102F75B300A74F4B /* GLUT.framework */; };
		25C6704E103A342800615C65 /* libfreetype.a in Frameworks */ = {isa = PBXBuildFile; fileRef = 25F3498B102F7F440011023F /* libfreetype.a */; };
		25C6704F103A342800615C65 /* libIL.dylib in Frameworks */ = {isa = PBXBuildFile; fileRef = 25A2826910321D7C00D7C4CD /* libIL.dylib */; };
		25C67050103A342800615C65 /* OpenGL.framework in Frameworks */ = {isa = PBXBuildFile; fileRef = 1F49F83507AD6F520058BE5D /* OpenGL.framework */; };
		25E4BBA310410F780094E60F /* Threads_posix.cpp in Sources */ = {isa = PBXBuildFile; fileRef = 25E4BBA210410F780094E60F /* Threads_posix.cpp */; };
		25F5FF900FA71ED40002BE66 /* TunerMenu.cpp in Sources */ = {isa = PBXBuildFile; fileRef = 25F5FF700FA71ED40002BE66 /* TunerMenu.cpp */; };
		25F5FF910FA71ED40002BE66 /* Tuner.cpp in Sources */ = {isa = PBXBuildFile; fileRef = 25F5FF720FA71ED40002BE66 /* Tuner.cpp */; };
		25F5FF920FA71ED40002BE66 /* Sprite.cpp in Sources */ = {isa = PBXBuildFile; fileRef = 25F5FF740FA71ED40002BE66 /* Sprite.cpp */; };
		25F5FF930FA71ED40002BE66 /* SongPlayMenu.cpp in Sources */ = {isa = PBXBuildFile; fileRef = 25F5FF760FA71ED40002BE66 /* SongPlayMenu.cpp */; };
		25F5FF940FA71ED40002BE66 /* SongListItem.cpp in Sources */ = {isa = PBXBuildFile; fileRef = 25F5FF780FA71ED40002BE66 /* SongListItem.cpp */; };
		25F5FF950FA71ED40002BE66 /* SongEditMenu.cpp in Sources */ = {isa = PBXBuildFile; fileRef = 25F5FF7A0FA71ED40002BE66 /* SongEditMenu.cpp */; };
		25F5FF960FA71ED40002BE66 /* Song.cpp in Sources */ = {isa = PBXBuildFile; fileRef = 25F5FF7C0FA71ED40002BE66 /* Song.cpp */; };
		25F5FF970FA71ED40002BE66 /* Scorer.cpp in Sources */ = {isa = PBXBuildFile; fileRef = 25F5FF7E0FA71ED40002BE66 /* Scorer.cpp */; };
		25F5FF980FA71ED40002BE66 /* Options.cpp in Sources */ = {isa = PBXBuildFile; fileRef = 25F5FF800FA71ED40002BE66 /* Options.cpp */; };
		25F5FF990FA71ED40002BE66 /* Menu.cpp in Sources */ = {isa = PBXBuildFile; fileRef = 25F5FF820FA71ED40002BE66 /* Menu.cpp */; };
		25F5FF9A0FA71ED40002BE66 /* LineSprite.cpp in Sources */ = {isa = PBXBuildFile; fileRef = 25F5FF840FA71ED40002BE66 /* LineSprite.cpp */; };
		25F5FF9B0FA71ED40002BE66 /* Input.cpp in Sources */ = {isa = PBXBuildFile; fileRef = 25F5FF860FA71ED40002BE66 /* Input.cpp */; };
		25F5FF9D0FA71ED40002BE66 /* FilePick.cpp in Sources */ = {isa = PBXBuildFile; fileRef = 25F5FF8A0FA71ED40002BE66 /* FilePick.cpp */; };
		25F5FF9E0FA71ED40002BE66 /* GuitarMain.cpp in Sources */ = {isa = PBXBuildFile; fileRef = 25F5FF8B0FA71ED40002BE66 /* GuitarMain.cpp */; };
		25F5FF9F0FA71ED40002BE66 /* Guitar.cpp in Sources */ = {isa = PBXBuildFile; fileRef = 25F5FF8D0FA71ED40002BE66 /* Guitar.cpp */; };
		25F5FFC50FA71F4C0002BE66 /* Directory_posix.cpp in Sources */ = {isa = PBXBuildFile; fileRef = 25F5FFC10FA71F4C0002BE66 /* Directory_posix.cpp */; };
		25F5FFC70FA71F4C0002BE66 /* FileCopy.cpp in Sources */ = {isa = PBXBuildFile; fileRef = 25F5FFC30FA71F4C0002BE66 /* FileCopy.cpp */; };
		3CCF101F0D86E520003173B5 /* CoreServices.framework in Frameworks */ = {isa = PBXBuildFile; fileRef = 3CCF101E0D86E520003173B5 /* CoreServices.framework */; };
		3CCF10340D86EA11003173B5 /* fourier.cpp in Sources */ = {isa = PBXBuildFile; fileRef = 3CCF10320D86EA11003173B5 /* fourier.cpp */; };
		3CCF10350D86EA11003173B5 /* fft.cpp in Sources */ = {isa = PBXBuildFile; fileRef = 3CCF10330D86EA11003173B5 /* fft.cpp */; };
/* End PBXBuildFile section */

/* Begin PBXFileReference section */
		1F49F83507AD6F520058BE5D /* OpenGL.framework */ = {isa = PBXFileReference; lastKnownFileType = wrapper.framework; name = OpenGL.framework; path = /System/Library/Frameworks/OpenGL.framework; sourceTree = "<absolute>"; };
		254322C20FA6771200D258A6 /* libportaudio.a */ = {isa = PBXFileReference; lastKnownFileType = archive.ar; name = libportaudio.a; path = /usr/local/lib/libportaudio.a; sourceTree = "<absolute>"; };
		256274811031E8F70023B882 /* images */ = {isa = PBXFileReference; lastKnownFileType = folder; path = images; sourceTree = "<group>"; };
		256274971031E9390023B882 /* shaders */ = {isa = PBXFileReference; lastKnownFileType = folder; path = shaders; sourceTree = "<group>"; };
		259FACEB10363485005477E7 /* Node.h */ = {isa = PBXFileReference; fileEncoding = 4; lastKnownFileType = sourcecode.c.h; path = Node.h; sourceTree = "<group>"; };
		259FACEC10363485005477E7 /* Node.cpp */ = {isa = PBXFileReference; fileEncoding = 4; lastKnownFileType = sourcecode.cpp.cpp; path = Node.cpp; sourceTree = "<group>"; };
		259FACF41036375E005477E7 /* VectorMath.h */ = {isa = PBXFileReference; fileEncoding = 4; lastKnownFileType = sourcecode.c.h; path = VectorMath.h; sourceTree = "<group>"; };
		259FACF51036375E005477E7 /* VectorMath.cpp */ = {isa = PBXFileReference; fileEncoding = 4; lastKnownFileType = sourcecode.cpp.cpp; path = VectorMath.cpp; sourceTree = "<group>"; };
		259FAD8210364BD6005477E7 /* Renderable.h */ = {isa = PBXFileReference; fileEncoding = 4; lastKnownFileType = sourcecode.c.h; path = Renderable.h; sourceTree = "<group>"; };
		259FAD8310364BD6005477E7 /* Renderable.cpp */ = {isa = PBXFileReference; fileEncoding = 4; lastKnownFileType = sourcecode.cpp.cpp; path = Renderable.cpp; sourceTree = "<group>"; };
		259FADD9103652C3005477E7 /* Label.h */ = {isa = PBXFileReference; fileEncoding = 4; lastKnownFileType = sourcecode.c.h; path = Label.h; sourceTree = "<group>"; };
		259FADDA103652C3005477E7 /* Label.cpp */ = {isa = PBXFileReference; fileEncoding = 4; lastKnownFileType = sourcecode.cpp.cpp; path = Label.cpp; sourceTree = "<group>"; };
		25A2816F103207CA00D7C4CD /* Texture.h */ = {isa = PBXFileReference; fileEncoding = 4; lastKnownFileType = sourcecode.c.h; path = Texture.h; sourceTree = "<group>"; };
		25A28170103207CA00D7C4CD /* Texture.cpp */ = {isa = PBXFileReference; fileEncoding = 4; lastKnownFileType = sourcecode.cpp.cpp; path = Texture.cpp; sourceTree = "<group>"; };
		25A2826910321D7C00D7C4CD /* libIL.dylib */ = {isa = PBXFileReference; lastKnownFileType = "compiled.mach-o.dylib"; name = libIL.dylib; path = /opt/local/lib/libIL.dylib; sourceTree = "<absolute>"; };
		25BA379D102F75B300A74F4B /* GLUT.framework */ = {isa = PBXFileReference; lastKnownFileType = wrapper.framework; name = GLUT.framework; path = /System/Library/Frameworks/GLUT.framework; sourceTree = "<absolute>"; };
		25C17CB71042794600F81F87 /* Icon.icns */ = {isa = PBXFileReference; lastKnownFileType = image.icns; path = Icon.icns; sourceTree = "<group>"; };
		25E4BBA110410F120094E60F /* Threads.h */ = {isa = PBXFileReference; fileEncoding = 4; lastKnownFileType = sourcecode.c.h; path = Threads.h; sourceTree = "<group>"; };
		25E4BBA210410F780094E60F /* Threads_posix.cpp */ = {isa = PBXFileReference; fileEncoding = 4; lastKnownFileType = sourcecode.cpp.cpp; path = Threads_posix.cpp; sourceTree = "<group>"; };
		25F3498B102F7F440011023F /* libfreetype.a */ = {isa = PBXFileReference; lastKnownFileType = archive.ar; name = libfreetype.a; path = /opt/local/lib/libfreetype.a; sourceTree = "<absolute>"; };
		25F500290FA725D60002BE66 /* libsamplerate.a */ = {isa = PBXFileReference; lastKnownFileType = archive.ar; name = libsamplerate.a; path = /opt/local/lib/libsamplerate.a; sourceTree = "<absolute>"; };
		25F5FF490FA71A790002BE66 /* libid3tag.a */ = {isa = PBXFileReference; lastKnownFileType = archive.ar; name = libid3tag.a; path = /opt/local/lib/libid3tag.a; sourceTree = "<absolute>"; };
		25F5FF4A0FA71A790002BE66 /* libmad.a */ = {isa = PBXFileReference; lastKnownFileType = archive.ar; name = libmad.a; path = /opt/local/lib/libmad.a; sourceTree = "<absolute>"; };
		25F5FF680FA71E9D0002BE66 /* Audio.cpp */ = {isa = PBXFileReference; fileEncoding = 4; lastKnownFileType = sourcecode.cpp.cpp; path = Audio.cpp; sourceTree = "<group>"; };
		25F5FF690FA71E9D0002BE66 /* Audio.h */ = {isa = PBXFileReference; fileEncoding = 4; lastKnownFileType = sourcecode.c.h; path = Audio.h; sourceTree = "<group>"; };
		25F5FF6B0FA71EA70002BE66 /* Backing.h */ = {isa = PBXFileReference; fileEncoding = 4; lastKnownFileType = sourcecode.c.h; path = Backing.h; sourceTree = "<group>"; };
		25F5FF6C0FA71EA70002BE66 /* Backing.cpp */ = {isa = PBXFileReference; fileEncoding = 4; lastKnownFileType = sourcecode.cpp.cpp; path = Backing.cpp; sourceTree = "<group>"; };
		25F5FF6F0FA71ED40002BE66 /* TunerMenu.h */ = {isa = PBXFileReference; fileEncoding = 4; lastKnownFileType = sourcecode.c.h; path = TunerMenu.h; sourceTree = "<group>"; };
		25F5FF700FA71ED40002BE66 /* TunerMenu.cpp */ = {isa = PBXFileReference; fileEncoding = 4; lastKnownFileType = sourcecode.cpp.cpp; path = TunerMenu.cpp; sourceTree = "<group>"; };
		25F5FF710FA71ED40002BE66 /* Tuner.h */ = {isa = PBXFileReference; fileEncoding = 4; lastKnownFileType = sourcecode.c.h; path = Tuner.h; sourceTree = "<group>"; };
		25F5FF720FA71ED40002BE66 /* Tuner.cpp */ = {isa = PBXFileReference; fileEncoding = 4; lastKnownFileType = sourcecode.cpp.cpp; path = Tuner.cpp; sourceTree = "<group>"; };
		25F5FF730FA71ED40002BE66 /* Sprite.h */ = {isa = PBXFileReference; fileEncoding = 4; lastKnownFileType = sourcecode.c.h; path = Sprite.h; sourceTree = "<group>"; };
		25F5FF740FA71ED40002BE66 /* Sprite.cpp */ = {isa = PBXFileReference; fileEncoding = 4; lastKnownFileType = sourcecode.cpp.cpp; path = Sprite.cpp; sourceTree = "<group>"; };
		25F5FF750FA71ED40002BE66 /* SongPlayMenu.h */ = {isa = PBXFileReference; fileEncoding = 4; lastKnownFileType = sourcecode.c.h; path = SongPlayMenu.h; sourceTree = "<group>"; };
		25F5FF760FA71ED40002BE66 /* SongPlayMenu.cpp */ = {isa = PBXFileReference; fileEncoding = 4; lastKnownFileType = sourcecode.cpp.cpp; path = SongPlayMenu.cpp; sourceTree = "<group>"; };
		25F5FF770FA71ED40002BE66 /* SongListItem.h */ = {isa = PBXFileReference; fileEncoding = 4; lastKnownFileType = sourcecode.c.h; path = SongListItem.h; sourceTree = "<group>"; };
		25F5FF780FA71ED40002BE66 /* SongListItem.cpp */ = {isa = PBXFileReference; fileEncoding = 4; lastKnownFileType = sourcecode.cpp.cpp; path = SongListItem.cpp; sourceTree = "<group>"; };
		25F5FF790FA71ED40002BE66 /* SongEditMenu.h */ = {isa = PBXFileReference; fileEncoding = 4; lastKnownFileType = sourcecode.c.h; path = SongEditMenu.h; sourceTree = "<group>"; };
		25F5FF7A0FA71ED40002BE66 /* SongEditMenu.cpp */ = {isa = PBXFileReference; fileEncoding = 4; lastKnownFileType = sourcecode.cpp.cpp; path = SongEditMenu.cpp; sourceTree = "<group>"; };
		25F5FF7B0FA71ED40002BE66 /* Song.h */ = {isa = PBXFileReference; fileEncoding = 4; lastKnownFileType = sourcecode.c.h; path = Song.h; sourceTree = "<group>"; };
		25F5FF7C0FA71ED40002BE66 /* Song.cpp */ = {isa = PBXFileReference; fileEncoding = 4; lastKnownFileType = sourcecode.cpp.cpp; path = Song.cpp; sourceTree = "<group>"; };
		25F5FF7D0FA71ED40002BE66 /* Scorer.h */ = {isa = PBXFileReference; fileEncoding = 4; lastKnownFileType = sourcecode.c.h; path = Scorer.h; sourceTree = "<group>"; };
		25F5FF7E0FA71ED40002BE66 /* Scorer.cpp */ = {isa = PBXFileReference; fileEncoding = 4; lastKnownFileType = sourcecode.cpp.cpp; path = Scorer.cpp; sourceTree = "<group>"; };
		25F5FF7F0FA71ED40002BE66 /* Options.h */ = {isa = PBXFileReference; fileEncoding = 4; lastKnownFileType = sourcecode.c.h; path = Options.h; sourceTree = "<group>"; };
		25F5FF800FA71ED40002BE66 /* Options.cpp */ = {isa = PBXFileReference; fileEncoding = 4; lastKnownFileType = sourcecode.cpp.cpp; path = Options.cpp; sourceTree = "<group>"; };
		25F5FF810FA71ED40002BE66 /* Menu.h */ = {isa = PBXFileReference; fileEncoding = 4; lastKnownFileType = sourcecode.c.h; path = Menu.h; sourceTree = "<group>"; };
		25F5FF820FA71ED40002BE66 /* Menu.cpp */ = {isa = PBXFileReference; fileEncoding = 4; lastKnownFileType = sourcecode.cpp.cpp; path = Menu.cpp; sourceTree = "<group>"; };
		25F5FF830FA71ED40002BE66 /* LineSprite.h */ = {isa = PBXFileReference; fileEncoding = 4; lastKnownFileType = sourcecode.c.h; path = LineSprite.h; sourceTree = "<group>"; };
		25F5FF840FA71ED40002BE66 /* LineSprite.cpp */ = {isa = PBXFileReference; fileEncoding = 4; lastKnownFileType = sourcecode.cpp.cpp; path = LineSprite.cpp; sourceTree = "<group>"; };
		25F5FF850FA71ED40002BE66 /* Input.h */ = {isa = PBXFileReference; fileEncoding = 4; lastKnownFileType = sourcecode.c.h; path = Input.h; sourceTree = "<group>"; };
		25F5FF860FA71ED40002BE66 /* Input.cpp */ = {isa = PBXFileReference; fileEncoding = 4; lastKnownFileType = sourcecode.cpp.cpp; path = Input.cpp; sourceTree = "<group>"; };
		25F5FF890FA71ED40002BE66 /* FilePick.h */ = {isa = PBXFileReference; fileEncoding = 4; lastKnownFileType = sourcecode.c.h; path = FilePick.h; sourceTree = "<group>"; };
		25F5FF8A0FA71ED40002BE66 /* FilePick.cpp */ = {isa = PBXFileReference; fileEncoding = 4; lastKnownFileType = sourcecode.cpp.cpp; path = FilePick.cpp; sourceTree = "<group>"; };
		25F5FF8B0FA71ED40002BE66 /* GuitarMain.cpp */ = {isa = PBXFileReference; fileEncoding = 4; lastKnownFileType = sourcecode.cpp.cpp; path = GuitarMain.cpp; sourceTree = "<group>"; };
		25F5FF8C0FA71ED40002BE66 /* Guitar.h */ = {isa = PBXFileReference; fileEncoding = 4; lastKnownFileType = sourcecode.c.h; path = Guitar.h; sourceTree = "<group>"; };
		25F5FF8D0FA71ED40002BE66 /* Guitar.cpp */ = {isa = PBXFileReference; fileEncoding = 4; lastKnownFileType = sourcecode.cpp.cpp; path = Guitar.cpp; sourceTree = "<group>"; };
		25F5FFC00FA71F4C0002BE66 /* Directory.h */ = {isa = PBXFileReference; fileEncoding = 4; lastKnownFileType = sourcecode.c.h; path = Directory.h; sourceTree = "<group>"; };
		25F5FFC10FA71F4C0002BE66 /* Directory_posix.cpp */ = {isa = PBXFileReference; fileEncoding = 4; lastKnownFileType = sourcecode.cpp.cpp; path = Directory_posix.cpp; sourceTree = "<group>"; };
		25F5FFC30FA71F4C0002BE66 /* FileCopy.cpp */ = {isa = PBXFileReference; fileEncoding = 4; lastKnownFileType = sourcecode.cpp.cpp; path = FileCopy.cpp; sourceTree = "<group>"; };
		25F5FFC40FA71F4C0002BE66 /* FileCopy.h */ = {isa = PBXFileReference; fileEncoding = 4; lastKnownFileType = sourcecode.c.h; path = FileCopy.h; sourceTree = "<group>"; };
		32DBCF6D0370B57F00C91783 /* guitarstorm_Prefix.pch */ = {isa = PBXFileReference; fileEncoding = 4; lastKnownFileType = sourcecode.c.h; path = guitarstorm_Prefix.pch; sourceTree = "<group>"; };
		3CCF0FD00D86E157003173B5 /* complex.h */ = {isa = PBXFileReference; fileEncoding = 4; lastKnownFileType = sourcecode.c.h; name = complex.h; path = fft/complex.h; sourceTree = "<group>"; };
		3CCF0FD50D86E157003173B5 /* w.h */ = {isa = PBXFileReference; fileEncoding = 4; lastKnownFileType = sourcecode.c.h; name = w.h; path = fft/w.h; sourceTree = "<group>"; };
		3CCF0FDA0D86E16E003173B5 /* accidentals.cpp */ = {isa = PBXFileReference; fileEncoding = 4; lastKnownFileType = sourcecode.cpp.cpp; name = accidentals.cpp; path = kguitar/accidentals.cpp; sourceTree = "<group>"; };
		3CCF0FDB0D86E16E003173B5 /* accidentals.h */ = {isa = PBXFileReference; fileEncoding = 4; lastKnownFileType = sourcecode.c.h; name = accidentals.h; path = kguitar/accidentals.h; sourceTree = "<group>"; };
		3CCF0FDC0D86E16E003173B5 /* convertgtp.cpp */ = {isa = PBXFileReference; fileEncoding = 4; lastKnownFileType = sourcecode.cpp.cpp; name = convertgtp.cpp; path = kguitar/convertgtp.cpp; sourceTree = "<group>"; };
		3CCF0FDD0D86E16E003173B5 /* convertgtp.h */ = {isa = PBXFileReference; fileEncoding = 4; lastKnownFileType = sourcecode.c.h; name = convertgtp.h; path = kguitar/convertgtp.h; sourceTree = "<group>"; };
		3CCF0FDE0D86E16E003173B5 /* global.h */ = {isa = PBXFileReference; fileEncoding = 4; lastKnownFileType = sourcecode.c.h; name = global.h; path = kguitar/global.h; sourceTree = "<group>"; };
		3CCF0FDF0D86E16E003173B5 /* tabcolumn.cpp */ = {isa = PBXFileReference; fileEncoding = 4; lastKnownFileType = sourcecode.cpp.cpp; name = tabcolumn.cpp; path = kguitar/tabcolumn.cpp; sourceTree = "<group>"; };
		3CCF0FE00D86E16E003173B5 /* tabcolumn.h */ = {isa = PBXFileReference; fileEncoding = 4; lastKnownFileType = sourcecode.c.h; name = tabcolumn.h; path = kguitar/tabcolumn.h; sourceTree = "<group>"; };
		3CCF0FE10D86E16E003173B5 /* tabsong.cpp */ = {isa = PBXFileReference; fileEncoding = 4; lastKnownFileType = sourcecode.cpp.cpp; name = tabsong.cpp; path = kguitar/tabsong.cpp; sourceTree = "<group>"; };
		3CCF0FE20D86E16E003173B5 /* tabsong.h */ = {isa = PBXFileReference; fileEncoding = 4; lastKnownFileType = sourcecode.c.h; name = tabsong.h; path = kguitar/tabsong.h; sourceTree = "<group>"; };
		3CCF0FE30D86E16E003173B5 /* tabtrack.cpp */ = {isa = PBXFileReference; fileEncoding = 4; lastKnownFileType = sourcecode.cpp.cpp; name = tabtrack.cpp; path = kguitar/tabtrack.cpp; sourceTree = "<group>"; };
		3CCF0FE40D86E16E003173B5 /* tabtrack.h */ = {isa = PBXFileReference; fileEncoding = 4; lastKnownFileType = sourcecode.c.h; name = tabtrack.h; path = kguitar/tabtrack.h; sourceTree = "<group>"; };
		3CCF101E0D86E520003173B5 /* CoreServices.framework */ = {isa = PBXFileReference; lastKnownFileType = wrapper.framework; name = CoreServices.framework; path = /System/Library/Frameworks/CoreServices.framework; sourceTree = "<absolute>"; };
		3CCF10320D86EA11003173B5 /* fourier.cpp */ = {isa = PBXFileReference; fileEncoding = 4; lastKnownFileType = sourcecode.cpp.cpp; name = fourier.cpp; path = fft/fourier.cpp; sourceTree = "<group>"; };
		3CCF10330D86EA11003173B5 /* fft.cpp */ = {isa = PBXFileReference; fileEncoding = 4; lastKnownFileType = sourcecode.cpp.cpp; name = fft.cpp; path = fft/fft.cpp; sourceTree = "<group>"; };
		8D0C4E960486CD37000505A6 /* Info.plist */ = {isa = PBXFileReference; fileEncoding = 4; lastKnownFileType = text.plist; path = Info.plist; sourceTree = "<group>"; };
		8D0C4E970486CD37000505A6 /* Guitar Storm.app */ = {isa = PBXFileReference; explicitFileType = wrapper.application; includeInIndex = 0; path = "Guitar Storm.app"; sourceTree = BUILT_PRODUCTS_DIR; };
/* End PBXFileReference section */

/* Begin PBXFrameworksBuildPhase section */
		8D0C4E910486CD37000505A6 /* Frameworks */ = {
			isa = PBXFrameworksBuildPhase;
			buildActionMask = 2147483647;
			files = (
				3CCF101F0D86E520003173B5 /* CoreServices.framework in Frameworks */,
				25C6704D103A342800615C65 /* GLUT.framework in Frameworks */,
				25C6704E103A342800615C65 /* libfreetype.a in Frameworks */,
				25C6704F103A342800615C65 /* libIL.dylib in Frameworks */,
				25C67050103A342800615C65 /* OpenGL.framework in Frameworks */,
				2573F4431049073700D432B8 /* libportaudio.a in Frameworks */,
				2573F447104907D600D432B8 /* libsamplerate.a in Frameworks */,
				2573F448104907D600D432B8 /* libid3tag.a in Frameworks */,
				2573F449104907D600D432B8 /* libmad.a in Frameworks */,
			);
			runOnlyForDeploymentPostprocessing = 0;
		};
/* End PBXFrameworksBuildPhase section */

/* Begin PBXGroup section */
		195DF8CFFE9D517E11CA2CBB /* Products */ = {
			isa = PBXGroup;
			children = (
				8D0C4E970486CD37000505A6 /* Guitar Storm.app */,
			);
			name = Products;
			sourceTree = "<group>";
		};
		20286C29FDCF999611CA2CEA /* guitarstorm */ = {
			isa = PBXGroup;
			children = (
				20286C2AFDCF999611CA2CEA /* Sources */,
				20286C2CFDCF999611CA2CEA /* Resources */,
				20286C32FDCF999611CA2CEA /* External Frameworks and Libraries */,
				195DF8CFFE9D517E11CA2CBB /* Products */,
			);
			name = guitarstorm;
			sourceTree = "<group>";
		};
		20286C2AFDCF999611CA2CEA /* Sources */ = {
			isa = PBXGroup;
			children = (
				25F5FF6F0FA71ED40002BE66 /* TunerMenu.h */,
				25F5FF700FA71ED40002BE66 /* TunerMenu.cpp */,
				25F5FF710FA71ED40002BE66 /* Tuner.h */,
				25F5FF720FA71ED40002BE66 /* Tuner.cpp */,
				25F5FF730FA71ED40002BE66 /* Sprite.h */,
				25F5FF740FA71ED40002BE66 /* Sprite.cpp */,
				25F5FF750FA71ED40002BE66 /* SongPlayMenu.h */,
				25F5FF760FA71ED40002BE66 /* SongPlayMenu.cpp */,
				25F5FF770FA71ED40002BE66 /* SongListItem.h */,
				25F5FF780FA71ED40002BE66 /* SongListItem.cpp */,
				25F5FF790FA71ED40002BE66 /* SongEditMenu.h */,
				25F5FF7A0FA71ED40002BE66 /* SongEditMenu.cpp */,
				25F5FF7B0FA71ED40002BE66 /* Song.h */,
				25F5FF7C0FA71ED40002BE66 /* Song.cpp */,
				25F5FF7D0FA71ED40002BE66 /* Scorer.h */,
				25F5FF7E0FA71ED40002BE66 /* Scorer.cpp */,
				25F5FF7F0FA71ED40002BE66 /* Options.h */,
				25F5FF800FA71ED40002BE66 /* Options.cpp */,
				25F5FF810FA71ED40002BE66 /* Menu.h */,
				25F5FF820FA71ED40002BE66 /* Menu.cpp */,
				25F5FF830FA71ED40002BE66 /* LineSprite.h */,
				25F5FF840FA71ED40002BE66 /* LineSprite.cpp */,
				25F5FF850FA71ED40002BE66 /* Input.h */,
				25F5FF860FA71ED40002BE66 /* Input.cpp */,
				25F5FF890FA71ED40002BE66 /* FilePick.h */,
				25F5FF8A0FA71ED40002BE66 /* FilePick.cpp */,
				25F5FF8B0FA71ED40002BE66 /* GuitarMain.cpp */,
				25F5FF8C0FA71ED40002BE66 /* Guitar.h */,
				25F5FF8D0FA71ED40002BE66 /* Guitar.cpp */,
				25F5FF6B0FA71EA70002BE66 /* Backing.h */,
				25F5FF6C0FA71EA70002BE66 /* Backing.cpp */,
				25F5FF680FA71E9D0002BE66 /* Audio.cpp */,
				25F5FF690FA71E9D0002BE66 /* Audio.h */,
				25F5FFBF0FA71F3C0002BE66 /* utilities */,
				3CCF0FCF0D86E149003173B5 /* kguitar */,
				3CCF0FCE0D86E143003173B5 /* fft */,
				32DBCF6D0370B57F00C91783 /* guitarstorm_Prefix.pch */,
				25A2816F103207CA00D7C4CD /* Texture.h */,
				25A28170103207CA00D7C4CD /* Texture.cpp */,
				259FACEB10363485005477E7 /* Node.h */,
				259FACEC10363485005477E7 /* Node.cpp */,
				259FACF41036375E005477E7 /* VectorMath.h */,
				259FACF51036375E005477E7 /* VectorMath.cpp */,
				259FAD8210364BD6005477E7 /* Renderable.h */,
				259FAD8310364BD6005477E7 /* Renderable.cpp */,
				259FADD9103652C3005477E7 /* Label.h */,
				259FADDA103652C3005477E7 /* Label.cpp */,
			);
			name = Sources;
			sourceTree = "<group>";
		};
		20286C2CFDCF999611CA2CEA /* Resources */ = {
			isa = PBXGroup;
			children = (
				256274971031E9390023B882 /* shaders */,
				256274811031E8F70023B882 /* images */,
				8D0C4E960486CD37000505A6 /* Info.plist */,
				25C17CB71042794600F81F87 /* Icon.icns */,
			);
			name = Resources;
			sourceTree = "<group>";
		};
		20286C32FDCF999611CA2CEA /* External Frameworks and Libraries */ = {
			isa = PBXGroup;
			children = (
				25BA379D102F75B300A74F4B /* GLUT.framework */,
				25F3498B102F7F440011023F /* libfreetype.a */,
				25A2826910321D7C00D7C4CD /* libIL.dylib */,
				25F500290FA725D60002BE66 /* libsamplerate.a */,
				25F5FF490FA71A790002BE66 /* libid3tag.a */,
				25F5FF4A0FA71A790002BE66 /* libmad.a */,
				254322C20FA6771200D258A6 /* libportaudio.a */,
				3CCF101E0D86E520003173B5 /* CoreServices.framework */,
				1F49F83507AD6F520058BE5D /* OpenGL.framework */,
			);
			name = "External Frameworks and Libraries";
			sourceTree = "<group>";
		};
		25F5FFBF0FA71F3C0002BE66 /* utilities */ = {
			isa = PBXGroup;
			children = (
				25F5FFC00FA71F4C0002BE66 /* Directory.h */,
				25F5FFC10FA71F4C0002BE66 /* Directory_posix.cpp */,
				25F5FFC30FA71F4C0002BE66 /* FileCopy.cpp */,
				25F5FFC40FA71F4C0002BE66 /* FileCopy.h */,
				25E4BBA110410F120094E60F /* Threads.h */,
				25E4BBA210410F780094E60F /* Threads_posix.cpp */,
			);
			path = utilities;
			sourceTree = "<group>";
		};
		3CCF0FCE0D86E143003173B5 /* fft */ = {
			isa = PBXGroup;
			children = (
				3CCF10320D86EA11003173B5 /* fourier.cpp */,
				3CCF10330D86EA11003173B5 /* fft.cpp */,
				3CCF0FD00D86E157003173B5 /* complex.h */,
				3CCF0FD50D86E157003173B5 /* w.h */,
			);
			name = fft;
			sourceTree = "<group>";
		};
		3CCF0FCF0D86E149003173B5 /* kguitar */ = {
			isa = PBXGroup;
			children = (
				3CCF0FDA0D86E16E003173B5 /* accidentals.cpp */,
				3CCF0FDB0D86E16E003173B5 /* accidentals.h */,
				3CCF0FDC0D86E16E003173B5 /* convertgtp.cpp */,
				3CCF0FDD0D86E16E003173B5 /* convertgtp.h */,
				3CCF0FDE0D86E16E003173B5 /* global.h */,
				3CCF0FDF0D86E16E003173B5 /* tabcolumn.cpp */,
				3CCF0FE00D86E16E003173B5 /* tabcolumn.h */,
				3CCF0FE10D86E16E003173B5 /* tabsong.cpp */,
				3CCF0FE20D86E16E003173B5 /* tabsong.h */,
				3CCF0FE30D86E16E003173B5 /* tabtrack.cpp */,
				3CCF0FE40D86E16E003173B5 /* tabtrack.h */,
			);
			name = kguitar;
			sourceTree = "<group>";
		};
/* End PBXGroup section */

/* Begin PBXNativeTarget section */
		8D0C4E890486CD37000505A6 /* Guitar Storm */ = {
			isa = PBXNativeTarget;
			buildConfigurationList = 3CCF0F9A0D86DFEF003173B5 /* Build configuration list for PBXNativeTarget "Guitar Storm" */;
			buildPhases = (
				8D0C4E8C0486CD37000505A6 /* Resources */,
				8D0C4E8F0486CD37000505A6 /* Sources */,
				8D0C4E910486CD37000505A6 /* Frameworks */,
			);
			buildRules = (
			);
			dependencies = (
			);
			name = "Guitar Storm";
			productInstallPath = "$(HOME)/Applications";
			productName = guitarstorm;
			productReference = 8D0C4E970486CD37000505A6 /* Guitar Storm.app */;
			productType = "com.apple.product-type.application";
		};
/* End PBXNativeTarget section */

/* Begin PBXProject section */
		20286C28FDCF999611CA2CEA /* Project object */ = {
			isa = PBXProject;
			buildConfigurationList = 3CCF0F990D86DFEF003173B5 /* Build configuration list for PBXProject "guitarstorm" */;
			compatibilityVersion = "Xcode 2.4";
			hasScannedForEncodings = 1;
			mainGroup = 20286C29FDCF999611CA2CEA /* guitarstorm */;
			projectDirPath = "";
			projectRoot = "";
			targets = (
				8D0C4E890486CD37000505A6 /* Guitar Storm */,
			);
		};
/* End PBXProject section */

/* Begin PBXResourcesBuildPhase section */
		8D0C4E8C0486CD37000505A6 /* Resources */ = {
			isa = PBXResourcesBuildPhase;
			buildActionMask = 2147483647;
			files = (
				256274961031E8F70023B882 /* images in Resources */,
				25BBC6DD103E2A6B00A7CD0E /* shaders in Resources */,
				25C17CB81042794600F81F87 /* Icon.icns in Resources */,
			);
			runOnlyForDeploymentPostprocessing = 0;
		};
/* End PBXResourcesBuildPhase section */

/* Begin PBXSourcesBuildPhase section */
		8D0C4E8F0486CD37000505A6 /* Sources */ = {
			isa = PBXSourcesBuildPhase;
			buildActionMask = 2147483647;
			files = (
				3CCF10340D86EA11003173B5 /* fourier.cpp in Sources */,
				3CCF10350D86EA11003173B5 /* fft.cpp in Sources */,
				25F5FF900FA71ED40002BE66 /* TunerMenu.cpp in Sources */,
				25F5FF910FA71ED40002BE66 /* Tuner.cpp in Sources */,
				25F5FF920FA71ED40002BE66 /* Sprite.cpp in Sources */,
				25F5FF930FA71ED40002BE66 /* SongPlayMenu.cpp in Sources */,
				25F5FF940FA71ED40002BE66 /* SongListItem.cpp in Sources */,
				25F5FF950FA71ED40002BE66 /* SongEditMenu.cpp in Sources */,
				25F5FF960FA71ED40002BE66 /* Song.cpp in Sources */,
				25F5FF970FA71ED40002BE66 /* Scorer.cpp in Sources */,
				25F5FF980FA71ED40002BE66 /* Options.cpp in Sources */,
				25F5FF990FA71ED40002BE66 /* Menu.cpp in Sources */,
				25F5FF9A0FA71ED40002BE66 /* LineSprite.cpp in Sources */,
				25F5FF9B0FA71ED40002BE66 /* Input.cpp in Sources */,
				25F5FF9D0FA71ED40002BE66 /* FilePick.cpp in Sources */,
				25F5FF9E0FA71ED40002BE66 /* GuitarMain.cpp in Sources */,
				25F5FF9F0FA71ED40002BE66 /* Guitar.cpp in Sources */,
				25F5FFC50FA71F4C0002BE66 /* Directory_posix.cpp in Sources */,
				25F5FFC70FA71F4C0002BE66 /* FileCopy.cpp in Sources */,
				25C66F83103A27BE00615C65 /* Texture.cpp in Sources */,
				25C66F84103A27BE00615C65 /* Node.cpp in Sources */,
				25C66F85103A27BE00615C65 /* VectorMath.cpp in Sources */,
				25C66F86103A27BE00615C65 /* Renderable.cpp in Sources */,
				25C66F87103A27BE00615C65 /* Label.cpp in Sources */,
				256C9721104090FA00B5AC3E /* accidentals.cpp in Sources */,
				256C9722104090FA00B5AC3E /* convertgtp.cpp in Sources */,
				256C9723104090FA00B5AC3E /* tabcolumn.cpp in Sources */,
				256C9724104090FA00B5AC3E /* tabsong.cpp in Sources */,
				256C9725104090FA00B5AC3E /* tabtrack.cpp in Sources */,
				25E4BBA310410F780094E60F /* Threads_posix.cpp in Sources */,
				2573F446104907C900D432B8 /* Audio.cpp in Sources */,
				2573F4531049087A00D432B8 /* Backing.cpp in Sources */,
			);
			runOnlyForDeploymentPostprocessing = 0;
		};
/* End PBXSourcesBuildPhase section */

/* Begin XCBuildConfiguration section */
		3CCF0F930D86DFEF003173B5 /* Development */ = {
			isa = XCBuildConfiguration;
			buildSettings = {
				COPY_PHASE_STRIP = NO;
				HEADER_SEARCH_PATHS = /opt/local/include;
			};
			name = Development;
		};
		3CCF0F940D86DFEF003173B5 /* Deployment */ = {
			isa = XCBuildConfiguration;
			buildSettings = {
				HEADER_SEARCH_PATHS = /opt/local/include;
			};
			name = Deployment;
		};
		3CCF0F950D86DFEF003173B5 /* Default */ = {
			isa = XCBuildConfiguration;
			buildSettings = {
				HEADER_SEARCH_PATHS = /opt/local/include;
			};
			name = Default;
		};
		3CCF0F960D86DFEF003173B5 /* Development */ = {
			isa = XCBuildConfiguration;
			buildSettings = {
				COPY_PHASE_STRIP = NO;
				GCC_DYNAMIC_NO_PIC = NO;
				GCC_ENABLE_FIX_AND_CONTINUE = YES;
				GCC_GENERATE_DEBUGGING_SYMBOLS = YES;
				GCC_OPTIMIZATION_LEVEL = 0;
				GCC_PRECOMPILE_PREFIX_HEADER = YES;
				GCC_PREFIX_HEADER = guitarstorm_Prefix.pch;
				GCC_PREPROCESSOR_DEFINITIONS = __USE_OSX_AGL_IMPLEMENTATION__;
				GCC_SYMBOLS_PRIVATE_EXTERN = NO;
				HEADER_SEARCH_PATHS = /opt/local/include;
				INFOPLIST_FILE = Info.plist;
				INSTALL_PATH = "$(HOME)/Applications";
				LIBRARY_SEARCH_PATHS = (
					"$(inherited)",
					"$(LIBRARY_SEARCH_PATHS_QUOTED_FOR_TARGET_1)",
					/sw/lib,
					/opt/local/lib,
				);
				LIBRARY_SEARCH_PATHS_QUOTED_FOR_TARGET_1 = "\"$(SRCROOT)/mac/portaudio\"";
				OTHER_CFLAGS = "-DMACOSX";
				PREBINDING = NO;
				PRODUCT_NAME = "Guitar Storm";
				WRAPPER_EXTENSION = app;
				ZERO_LINK = YES;
			};
			name = Development;
		};
		3CCF0F970D86DFEF003173B5 /* Deployment */ = {
			isa = XCBuildConfiguration;
			buildSettings = {
				COPY_PHASE_STRIP = YES;
				GCC_ENABLE_FIX_AND_CONTINUE = NO;
				GCC_GENERATE_DEBUGGING_SYMBOLS = NO;
				GCC_PRECOMPILE_PREFIX_HEADER = YES;
				GCC_PREFIX_HEADER = guitarstorm_Prefix.pch;
				GCC_PREPROCESSOR_DEFINITIONS = __USE_OSX_AGL_IMPLEMENTATION__;
				GCC_SYMBOLS_PRIVATE_EXTERN = NO;
				HEADER_SEARCH_PATHS = "";
				INFOPLIST_FILE = Info.plist;
				INSTALL_PATH = "$(HOME)/Applications";
				LIBRARY_SEARCH_PATHS = (
					"$(inherited)",
					"$(LIBRARY_SEARCH_PATHS_QUOTED_FOR_TARGET_1)",
					/sw/lib,
					/opt/local/lib,
				);
				LIBRARY_SEARCH_PATHS_QUOTED_FOR_TARGET_1 = "\"$(SRCROOT)/mac/portaudio\"";
				OTHER_CFLAGS = "-DMACOSX";
				PRODUCT_NAME = guitarstorm;
				WRAPPER_EXTENSION = app;
				ZERO_LINK = NO;
			};
			name = Deployment;
		};
		3CCF0F980D86DFEF003173B5 /* Default */ = {
			isa = XCBuildConfiguration;
			buildSettings = {
				GCC_GENERATE_DEBUGGING_SYMBOLS = NO;
				GCC_PRECOMPILE_PREFIX_HEADER = YES;
				GCC_PREFIX_HEADER = guitarstorm_Prefix.pch;
				GCC_PREPROCESSOR_DEFINITIONS = __USE_OSX_AGL_IMPLEMENTATION__;
				GCC_SYMBOLS_PRIVATE_EXTERN = NO;
				HEADER_SEARCH_PATHS = "";
				INFOPLIST_FILE = Info.plist;
				INSTALL_PATH = "$(HOME)/Applications";
				LIBRARY_SEARCH_PATHS = (
					"$(inherited)",
					"$(LIBRARY_SEARCH_PATHS_QUOTED_FOR_TARGET_1)",
					/sw/lib,
					/opt/local/lib,
				);
				LIBRARY_SEARCH_PATHS_QUOTED_FOR_TARGET_1 = "\"$(SRCROOT)/mac/portaudio\"";
				OTHER_CFLAGS = "-DMACOSX";
				PRODUCT_NAME = guitarstorm;
				WRAPPER_EXTENSION = app;
			};
			name = Default;
		};
/* End XCBuildConfiguration section */

/* Begin XCConfigurationList section */
		3CCF0F990D86DFEF003173B5 /* Build configuration list for PBXProject "guitarstorm" */ = {
			isa = XCConfigurationList;
			buildConfigurations = (
				3CCF0F930D86DFEF003173B5 /* Development */,
				3CCF0F940D86DFEF003173B5 /* Deployment */,
				3CCF0F950D86DFEF003173B5 /* Default */,
			);
			defaultConfigurationIsVisible = 0;
			defaultConfigurationName = Default;
		};
		3CCF0F9A0D86DFEF003173B5 /* Build configuration list for PBXNativeTarget "Guitar Storm" */ = {
			isa = XCConfigurationList;
			buildConfigurations = (
				3CCF0F960D86DFEF003173B5 /* Development */,
				3CCF0F970D86DFEF003173B5 /* Deployment */,
				3CCF0F980D86DFEF003173B5 /* Default */,
			);
			defaultConfigurationIsVisible = 0;
			defaultConfigurationName = Default;
		};
/* End XCConfigurationList section */
	};
	rootObject = 20286C28FDCF999611CA2CEA /* Project object */;
}
