// !$*UTF8*$!
{
	archiveVersion = 1;
	classes = {
	};
	objectVersion = 42;
	objects = {

/* Begin PBXBuildFile section */
		1F49F70F07AD6F2D0058BE5D /* osgParticle.framework in Frameworks */ = {isa = PBXBuildFile; fileRef = 1F49F70407AD6F2D0058BE5D /* osgParticle.framework */; };
		1F49F71007AD6F2D0058BE5D /* osgSim.framework in Frameworks */ = {isa = PBXBuildFile; fileRef = 1F49F70507AD6F2D0058BE5D /* osgSim.framework */; };
		1F49F71107AD6F2D0058BE5D /* OpenThreads.framework in Frameworks */ = {isa = PBXBuildFile; fileRef = 1F49F70607AD6F2D0058BE5D /* OpenThreads.framework */; };
		1F49F71207AD6F2D0058BE5D /* osgGA.framework in Frameworks */ = {isa = PBXBuildFile; fileRef = 1F49F70707AD6F2D0058BE5D /* osgGA.framework */; };
		1F49F71307AD6F2D0058BE5D /* osg.framework in Frameworks */ = {isa = PBXBuildFile; fileRef = 1F49F70807AD6F2D0058BE5D /* osg.framework */; };
		1F49F71507AD6F2D0058BE5D /* osgFX.framework in Frameworks */ = {isa = PBXBuildFile; fileRef = 1F49F70A07AD6F2D0058BE5D /* osgFX.framework */; };
		1F49F71607AD6F2D0058BE5D /* osgText.framework in Frameworks */ = {isa = PBXBuildFile; fileRef = 1F49F70B07AD6F2D0058BE5D /* osgText.framework */; };
		1F49F71807AD6F2D0058BE5D /* osgDB.framework in Frameworks */ = {isa = PBXBuildFile; fileRef = 1F49F70D07AD6F2D0058BE5D /* osgDB.framework */; };
		1F49F83707AD6F520058BE5D /* OpenGL.framework in Frameworks */ = {isa = PBXBuildFile; fileRef = 1F49F83507AD6F520058BE5D /* OpenGL.framework */; };
		1F9A4951082D65C40032CDE9 /* osgUtil.framework in Frameworks */ = {isa = PBXBuildFile; fileRef = 1F9A4950082D65C40032CDE9 /* osgUtil.framework */; };
		1FD8F432088C87A500B4318C /* osgIntrospection.framework in Frameworks */ = {isa = PBXBuildFile; fileRef = 1FD8F431088C87A500B4318C /* osgIntrospection.framework */; };
		1FF6110B082F118D004EB1E4 /* osgViewer.framework in Frameworks */ = {isa = PBXBuildFile; fileRef = 1FF61109082F118D004EB1E4 /* osgViewer.framework */; };
		254322C30FA6771200D258A6 /* libportaudio.a in Frameworks */ = {isa = PBXBuildFile; fileRef = 254322C20FA6771200D258A6 /* libportaudio.a */; };
		25F5002A0FA725D60002BE66 /* libsamplerate.a in Frameworks */ = {isa = PBXBuildFile; fileRef = 25F500290FA725D60002BE66 /* libsamplerate.a */; };
		25F500470FA726890002BE66 /* arm.tga in Resources */ = {isa = PBXBuildFile; fileRef = 25F500370FA726890002BE66 /* arm.tga */; };
		25F500480FA726890002BE66 /* body.tga in Resources */ = {isa = PBXBuildFile; fileRef = 25F500380FA726890002BE66 /* body.tga */; };
		25F500490FA726890002BE66 /* bstring.tga in Resources */ = {isa = PBXBuildFile; fileRef = 25F500390FA726890002BE66 /* bstring.tga */; };
		25F5004A0FA726890002BE66 /* cd.tga in Resources */ = {isa = PBXBuildFile; fileRef = 25F5003A0FA726890002BE66 /* cd.tga */; };
		25F5004B0FA726890002BE66 /* circle.tga in Resources */ = {isa = PBXBuildFile; fileRef = 25F5003B0FA726890002BE66 /* circle.tga */; };
		25F5004C0FA726890002BE66 /* duskcloudy.jpg in Resources */ = {isa = PBXBuildFile; fileRef = 25F5003C0FA726890002BE66 /* duskcloudy.jpg */; };
		25F5004D0FA726890002BE66 /* duskcontrast.jpg in Resources */ = {isa = PBXBuildFile; fileRef = 25F5003D0FA726890002BE66 /* duskcontrast.jpg */; };
		25F5004E0FA726890002BE66 /* duskstormy.jpg in Resources */ = {isa = PBXBuildFile; fileRef = 25F5003E0FA726890002BE66 /* duskstormy.jpg */; };
		25F5004F0FA726890002BE66 /* fret.tga in Resources */ = {isa = PBXBuildFile; fileRef = 25F5003F0FA726890002BE66 /* fret.tga */; };
		25F500500FA726890002BE66 /* head.tga in Resources */ = {isa = PBXBuildFile; fileRef = 25F500400FA726890002BE66 /* head.tga */; };
		25F500510FA726890002BE66 /* neck.tga in Resources */ = {isa = PBXBuildFile; fileRef = 25F500410FA726890002BE66 /* neck.tga */; };
		25F500520FA726890002BE66 /* nut.tga in Resources */ = {isa = PBXBuildFile; fileRef = 25F500420FA726890002BE66 /* nut.tga */; };
		25F500530FA726890002BE66 /* pick.tga in Resources */ = {isa = PBXBuildFile; fileRef = 25F500430FA726890002BE66 /* pick.tga */; };
		25F500540FA726890002BE66 /* tick.tga in Resources */ = {isa = PBXBuildFile; fileRef = 25F500440FA726890002BE66 /* tick.tga */; };
		25F500550FA726890002BE66 /* tstring.tga in Resources */ = {isa = PBXBuildFile; fileRef = 25F500450FA726890002BE66 /* tstring.tga */; };
		25F500560FA726890002BE66 /* tuner.tga in Resources */ = {isa = PBXBuildFile; fileRef = 25F500460FA726890002BE66 /* tuner.tga */; };
		25F5FF4B0FA71A790002BE66 /* libid3tag.a in Frameworks */ = {isa = PBXBuildFile; fileRef = 25F5FF490FA71A790002BE66 /* libid3tag.a */; };
		25F5FF4C0FA71A790002BE66 /* libmad.a in Frameworks */ = {isa = PBXBuildFile; fileRef = 25F5FF4A0FA71A790002BE66 /* libmad.a */; };
		25F5FF6A0FA71E9D0002BE66 /* Audio.cpp in Sources */ = {isa = PBXBuildFile; fileRef = 25F5FF680FA71E9D0002BE66 /* Audio.cpp */; };
		25F5FF6D0FA71EA70002BE66 /* Backing.cpp in Sources */ = {isa = PBXBuildFile; fileRef = 25F5FF6C0FA71EA70002BE66 /* Backing.cpp */; };
		25F5FF900FA71ED40002BE66 /* TunerMenu.cpp in Sources */ = {isa = PBXBuildFile; fileRef = 25F5FF700FA71ED40002BE66 /* TunerMenu.cpp */; };
		25F5FF910FA71ED40002BE66 /* Tuner.cpp in Sources */ = {isa = PBXBuildFile; fileRef = 25F5FF720FA71ED40002BE66 /* Tuner.cpp */; };
		25F5FF920FA71ED40002BE66 /* Sprite.cpp in Sources */ = {isa = PBXBuildFile; fileRef = 25F5FF740FA71ED40002BE66 /* Sprite.cpp */; };
		25F5FF930FA71ED40002BE66 /* SongPlayMenu.cpp in Sources */ = {isa = PBXBuildFile; fileRef = 25F5FF760FA71ED40002BE66 /* SongPlayMenu.cpp */; };
		25F5FF940FA71ED40002BE66 /* SongListItem.cpp in Sources */ = {isa = PBXBuildFile; fileRef = 25F5FF780FA71ED40002BE66 /* SongListItem.cpp */; };
		25F5FF950FA71ED40002BE66 /* SongEditMenu.cpp in Sources */ = {isa = PBXBuildFile; fileRef = 25F5FF7A0FA71ED40002BE66 /* SongEditMenu.cpp */; };
		25F5FF960FA71ED40002BE66 /* Song.cpp in Sources */ = {isa = PBXBuildFile; fileRef = 25F5FF7C0FA71ED40002BE66 /* Song.cpp */; };
		25F5FF970FA71ED40002BE66 /* Scorer.cpp in Sources */ = {isa = PBXBuildFile; fileRef = 25F5FF7E0FA71ED40002BE66 /* Scorer.cpp */; };
		25F5FF980FA71ED40002BE66 /* Options.cpp in Sources */ = {isa = PBXBuildFile; fileRef = 25F5FF800FA71ED40002BE66 /* Options.cpp */; };
		25F5FF990FA71ED40002BE66 /* Menu.cpp in Sources */ = {isa = PBXBuildFile; fileRef = 25F5FF820FA71ED40002BE66 /* Menu.cpp */; };
		25F5FF9A0FA71ED40002BE66 /* LineSprite.cpp in Sources */ = {isa = PBXBuildFile; fileRef = 25F5FF840FA71ED40002BE66 /* LineSprite.cpp */; };
		25F5FF9B0FA71ED40002BE66 /* Input.cpp in Sources */ = {isa = PBXBuildFile; fileRef = 25F5FF860FA71ED40002BE66 /* Input.cpp */; };
		25F5FF9D0FA71ED40002BE66 /* FilePick.cpp in Sources */ = {isa = PBXBuildFile; fileRef = 25F5FF8A0FA71ED40002BE66 /* FilePick.cpp */; };
		25F5FF9E0FA71ED40002BE66 /* GuitarMain.cpp in Sources */ = {isa = PBXBuildFile; fileRef = 25F5FF8B0FA71ED40002BE66 /* GuitarMain.cpp */; };
		25F5FF9F0FA71ED40002BE66 /* Guitar.cpp in Sources */ = {isa = PBXBuildFile; fileRef = 25F5FF8D0FA71ED40002BE66 /* Guitar.cpp */; };
		25F5FFC50FA71F4C0002BE66 /* Directory_posix.cpp in Sources */ = {isa = PBXBuildFile; fileRef = 25F5FFC10FA71F4C0002BE66 /* Directory_posix.cpp */; };
		25F5FFC70FA71F4C0002BE66 /* FileCopy.cpp in Sources */ = {isa = PBXBuildFile; fileRef = 25F5FFC30FA71F4C0002BE66 /* FileCopy.cpp */; };
		3CCF0FE50D86E16E003173B5 /* accidentals.cpp in Sources */ = {isa = PBXBuildFile; fileRef = 3CCF0FDA0D86E16E003173B5 /* accidentals.cpp */; };
		3CCF0FE60D86E16E003173B5 /* convertgtp.cpp in Sources */ = {isa = PBXBuildFile; fileRef = 3CCF0FDC0D86E16E003173B5 /* convertgtp.cpp */; };
		3CCF0FE70D86E16E003173B5 /* tabcolumn.cpp in Sources */ = {isa = PBXBuildFile; fileRef = 3CCF0FDF0D86E16E003173B5 /* tabcolumn.cpp */; };
		3CCF0FE80D86E16E003173B5 /* tabsong.cpp in Sources */ = {isa = PBXBuildFile; fileRef = 3CCF0FE10D86E16E003173B5 /* tabsong.cpp */; };
		3CCF0FE90D86E16E003173B5 /* tabtrack.cpp in Sources */ = {isa = PBXBuildFile; fileRef = 3CCF0FE30D86E16E003173B5 /* tabtrack.cpp */; };
		3CCF10190D86E4F8003173B5 /* AudioToolbox.framework in Frameworks */ = {isa = PBXBuildFile; fileRef = 3CCF10180D86E4F8003173B5 /* AudioToolbox.framework */; };
		3CCF101B0D86E502003173B5 /* AudioUnit.framework in Frameworks */ = {isa = PBXBuildFile; fileRef = 3CCF101A0D86E502003173B5 /* AudioUnit.framework */; };
		3CCF101D0D86E513003173B5 /* CoreAudio.framework in Frameworks */ = {isa = PBXBuildFile; fileRef = 3CCF101C0D86E513003173B5 /* CoreAudio.framework */; };
		3CCF101F0D86E520003173B5 /* CoreServices.framework in Frameworks */ = {isa = PBXBuildFile; fileRef = 3CCF101E0D86E520003173B5 /* CoreServices.framework */; };
		3CCF102F0D86E71B003173B5 /* tabs in Resources */ = {isa = PBXBuildFile; fileRef = 3CCF102A0D86E71B003173B5 /* tabs */; };
		3CCF10340D86EA11003173B5 /* fourier.cpp in Sources */ = {isa = PBXBuildFile; fileRef = 3CCF10320D86EA11003173B5 /* fourier.cpp */; };
		3CCF10350D86EA11003173B5 /* fft.cpp in Sources */ = {isa = PBXBuildFile; fileRef = 3CCF10330D86EA11003173B5 /* fft.cpp */; };
		8D0C4E8D0486CD37000505A6 /* InfoPlist.strings in Resources */ = {isa = PBXBuildFile; fileRef = 0867D6AAFE840B52C02AAC07 /* InfoPlist.strings */; };
		8D0C4E8E0486CD37000505A6 /* main.nib in Resources */ = {isa = PBXBuildFile; fileRef = 02345980000FD03B11CA0E72 /* main.nib */; };
		8D0C4E920486CD37000505A6 /* Carbon.framework in Frameworks */ = {isa = PBXBuildFile; fileRef = 20286C33FDCF999611CA2CEA /* Carbon.framework */; };
/* End PBXBuildFile section */

/* Begin PBXFileReference section */
		0867D6ABFE840B52C02AAC07 /* English */ = {isa = PBXFileReference; fileEncoding = 10; lastKnownFileType = text.plist.strings; name = English; path = English.lproj/InfoPlist.strings; sourceTree = "<group>"; };
		1870340FFE93FCAF11CA0CD7 /* English */ = {isa = PBXFileReference; lastKnownFileType = wrapper.nib; name = English; path = English.lproj/main.nib; sourceTree = "<group>"; };
		1F49F70407AD6F2D0058BE5D /* osgParticle.framework */ = {isa = PBXFileReference; lastKnownFileType = wrapper.framework; name = osgParticle.framework; path = /Library/Frameworks/osgParticle.framework; sourceTree = "<absolute>"; };
		1F49F70507AD6F2D0058BE5D /* osgSim.framework */ = {isa = PBXFileReference; lastKnownFileType = wrapper.framework; name = osgSim.framework; path = /Library/Frameworks/osgSim.framework; sourceTree = "<absolute>"; };
		1F49F70607AD6F2D0058BE5D /* OpenThreads.framework */ = {isa = PBXFileReference; lastKnownFileType = wrapper.framework; name = OpenThreads.framework; path = /Library/Frameworks/OpenThreads.framework; sourceTree = "<absolute>"; };
		1F49F70707AD6F2D0058BE5D /* osgGA.framework */ = {isa = PBXFileReference; lastKnownFileType = wrapper.framework; name = osgGA.framework; path = /Library/Frameworks/osgGA.framework; sourceTree = "<absolute>"; };
		1F49F70807AD6F2D0058BE5D /* osg.framework */ = {isa = PBXFileReference; lastKnownFileType = wrapper.framework; name = osg.framework; path = /Library/Frameworks/osg.framework; sourceTree = "<absolute>"; };
		1F49F70907AD6F2D0058BE5D /* osgTerrain.framework */ = {isa = PBXFileReference; lastKnownFileType = wrapper.framework; name = osgTerrain.framework; path = /Library/Frameworks/osgTerrain.framework; sourceTree = "<absolute>"; };
		1F49F70A07AD6F2D0058BE5D /* osgFX.framework */ = {isa = PBXFileReference; lastKnownFileType = wrapper.framework; name = osgFX.framework; path = /Library/Frameworks/osgFX.framework; sourceTree = "<absolute>"; };
		1F49F70B07AD6F2D0058BE5D /* osgText.framework */ = {isa = PBXFileReference; lastKnownFileType = wrapper.framework; name = osgText.framework; path = /Library/Frameworks/osgText.framework; sourceTree = "<absolute>"; };
		1F49F70D07AD6F2D0058BE5D /* osgDB.framework */ = {isa = PBXFileReference; lastKnownFileType = wrapper.framework; name = osgDB.framework; path = /Library/Frameworks/osgDB.framework; sourceTree = "<absolute>"; };
		1F49F83507AD6F520058BE5D /* OpenGL.framework */ = {isa = PBXFileReference; lastKnownFileType = wrapper.framework; name = OpenGL.framework; path = /System/Library/Frameworks/OpenGL.framework; sourceTree = "<absolute>"; };
		1F9A4950082D65C40032CDE9 /* osgUtil.framework */ = {isa = PBXFileReference; lastKnownFileType = wrapper.framework; name = osgUtil.framework; path = /Library/Frameworks/osgUtil.framework; sourceTree = "<absolute>"; };
		1FD8F431088C87A500B4318C /* osgIntrospection.framework */ = {isa = PBXFileReference; lastKnownFileType = wrapper.framework; name = osgIntrospection.framework; path = /Library/Frameworks/osgIntrospection.framework; sourceTree = "<absolute>"; };
		1FF61109082F118D004EB1E4 /* osgViewer.framework */ = {isa = PBXFileReference; lastKnownFileType = wrapper.framework; name = osgViewer.framework; path = /Library/Frameworks/osgViewer.framework; sourceTree = "<absolute>"; };
		20286C33FDCF999611CA2CEA /* Carbon.framework */ = {isa = PBXFileReference; lastKnownFileType = wrapper.framework; name = Carbon.framework; path = /System/Library/Frameworks/Carbon.framework; sourceTree = "<absolute>"; };
		254322C20FA6771200D258A6 /* libportaudio.a */ = {isa = PBXFileReference; lastKnownFileType = archive.ar; name = libportaudio.a; path = /usr/local/lib/libportaudio.a; sourceTree = "<absolute>"; };
		25F500290FA725D60002BE66 /* libsamplerate.a */ = {isa = PBXFileReference; lastKnownFileType = archive.ar; name = libsamplerate.a; path = /usr/local/lib/libsamplerate.a; sourceTree = "<absolute>"; };
		25F500370FA726890002BE66 /* arm.tga */ = {isa = PBXFileReference; lastKnownFileType = file; path = arm.tga; sourceTree = "<group>"; };
		25F500380FA726890002BE66 /* body.tga */ = {isa = PBXFileReference; lastKnownFileType = file; path = body.tga; sourceTree = "<group>"; };
		25F500390FA726890002BE66 /* bstring.tga */ = {isa = PBXFileReference; lastKnownFileType = file; path = bstring.tga; sourceTree = "<group>"; };
		25F5003A0FA726890002BE66 /* cd.tga */ = {isa = PBXFileReference; lastKnownFileType = file; path = cd.tga; sourceTree = "<group>"; };
		25F5003B0FA726890002BE66 /* circle.tga */ = {isa = PBXFileReference; lastKnownFileType = file; path = circle.tga; sourceTree = "<group>"; };
		25F5003C0FA726890002BE66 /* duskcloudy.jpg */ = {isa = PBXFileReference; lastKnownFileType = image.jpeg; path = duskcloudy.jpg; sourceTree = "<group>"; };
		25F5003D0FA726890002BE66 /* duskcontrast.jpg */ = {isa = PBXFileReference; lastKnownFileType = image.jpeg; path = duskcontrast.jpg; sourceTree = "<group>"; };
		25F5003E0FA726890002BE66 /* duskstormy.jpg */ = {isa = PBXFileReference; lastKnownFileType = image.jpeg; path = duskstormy.jpg; sourceTree = "<group>"; };
		25F5003F0FA726890002BE66 /* fret.tga */ = {isa = PBXFileReference; lastKnownFileType = file; path = fret.tga; sourceTree = "<group>"; };
		25F500400FA726890002BE66 /* head.tga */ = {isa = PBXFileReference; lastKnownFileType = file; path = head.tga; sourceTree = "<group>"; };
		25F500410FA726890002BE66 /* neck.tga */ = {isa = PBXFileReference; lastKnownFileType = file; path = neck.tga; sourceTree = "<group>"; };
		25F500420FA726890002BE66 /* nut.tga */ = {isa = PBXFileReference; lastKnownFileType = file; path = nut.tga; sourceTree = "<group>"; };
		25F500430FA726890002BE66 /* pick.tga */ = {isa = PBXFileReference; lastKnownFileType = file; path = pick.tga; sourceTree = "<group>"; };
		25F500440FA726890002BE66 /* tick.tga */ = {isa = PBXFileReference; lastKnownFileType = file; path = tick.tga; sourceTree = "<group>"; };
		25F500450FA726890002BE66 /* tstring.tga */ = {isa = PBXFileReference; lastKnownFileType = file; path = tstring.tga; sourceTree = "<group>"; };
		25F500460FA726890002BE66 /* tuner.tga */ = {isa = PBXFileReference; lastKnownFileType = file; path = tuner.tga; sourceTree = "<group>"; };
		25F5FF490FA71A790002BE66 /* libid3tag.a */ = {isa = PBXFileReference; lastKnownFileType = archive.ar; name = libid3tag.a; path = /sw/lib/libid3tag.a; sourceTree = "<absolute>"; };
		25F5FF4A0FA71A790002BE66 /* libmad.a */ = {isa = PBXFileReference; lastKnownFileType = archive.ar; name = libmad.a; path = /sw/lib/libmad.a; sourceTree = "<absolute>"; };
		25F5FF680FA71E9D0002BE66 /* Audio.cpp */ = {isa = PBXFileReference; fileEncoding = 4; lastKnownFileType = sourcecode.cpp.cpp; path = Audio.cpp; sourceTree = "<group>"; };
		25F5FF690FA71E9D0002BE66 /* Audio.h */ = {isa = PBXFileReference; fileEncoding = 4; lastKnownFileType = sourcecode.c.h; path = Audio.h; sourceTree = "<group>"; };
		25F5FF6B0FA71EA70002BE66 /* Backing.h */ = {isa = PBXFileReference; fileEncoding = 4; lastKnownFileType = sourcecode.c.h; path = Backing.h; sourceTree = "<group>"; };
		25F5FF6C0FA71EA70002BE66 /* Backing.cpp */ = {isa = PBXFileReference; fileEncoding = 4; lastKnownFileType = sourcecode.cpp.cpp; path = Backing.cpp; sourceTree = "<group>"; };
		25F5FF6F0FA71ED40002BE66 /* TunerMenu.h */ = {isa = PBXFileReference; fileEncoding = 4; lastKnownFileType = sourcecode.c.h; path = TunerMenu.h; sourceTree = "<group>"; };
		25F5FF700FA71ED40002BE66 /* TunerMenu.cpp */ = {isa = PBXFileReference; fileEncoding = 4; lastKnownFileType = sourcecode.cpp.cpp; path = TunerMenu.cpp; sourceTree = "<group>"; };
		25F5FF710FA71ED40002BE66 /* Tuner.h */ = {isa = PBXFileReference; fileEncoding = 4; lastKnownFileType = sourcecode.c.h; path = Tuner.h; sourceTree = "<group>"; };
		25F5FF720FA71ED40002BE66 /* Tuner.cpp */ = {isa = PBXFileReference; fileEncoding = 4; lastKnownFileType = sourcecode.cpp.cpp; path = Tuner.cpp; sourceTree = "<group>"; };
		25F5FF730FA71ED40002BE66 /* Sprite.h */ = {isa = PBXFileReference; fileEncoding = 4; lastKnownFileType = sourcecode.c.h; path = Sprite.h; sourceTree = "<group>"; };
		25F5FF740FA71ED40002BE66 /* Sprite.cpp */ = {isa = PBXFileReference; fileEncoding = 4; lastKnownFileType = sourcecode.cpp.cpp; path = Sprite.cpp; sourceTree = "<group>"; };
		25F5FF750FA71ED40002BE66 /* SongPlayMenu.h */ = {isa = PBXFileReference; fileEncoding = 4; lastKnownFileType = sourcecode.c.h; path = SongPlayMenu.h; sourceTree = "<group>"; };
		25F5FF760FA71ED40002BE66 /* SongPlayMenu.cpp */ = {isa = PBXFileReference; fileEncoding = 4; lastKnownFileType = sourcecode.cpp.cpp; path = SongPlayMenu.cpp; sourceTree = "<group>"; };
		25F5FF770FA71ED40002BE66 /* SongListItem.h */ = {isa = PBXFileReference; fileEncoding = 4; lastKnownFileType = sourcecode.c.h; path = SongListItem.h; sourceTree = "<group>"; };
		25F5FF780FA71ED40002BE66 /* SongListItem.cpp */ = {isa = PBXFileReference; fileEncoding = 4; lastKnownFileType = sourcecode.cpp.cpp; path = SongListItem.cpp; sourceTree = "<group>"; };
		25F5FF790FA71ED40002BE66 /* SongEditMenu.h */ = {isa = PBXFileReference; fileEncoding = 4; lastKnownFileType = sourcecode.c.h; path = SongEditMenu.h; sourceTree = "<group>"; };
		25F5FF7A0FA71ED40002BE66 /* SongEditMenu.cpp */ = {isa = PBXFileReference; fileEncoding = 4; lastKnownFileType = sourcecode.cpp.cpp; path = SongEditMenu.cpp; sourceTree = "<group>"; };
		25F5FF7B0FA71ED40002BE66 /* Song.h */ = {isa = PBXFileReference; fileEncoding = 4; lastKnownFileType = sourcecode.c.h; path = Song.h; sourceTree = "<group>"; };
		25F5FF7C0FA71ED40002BE66 /* Song.cpp */ = {isa = PBXFileReference; fileEncoding = 4; lastKnownFileType = sourcecode.cpp.cpp; path = Song.cpp; sourceTree = "<group>"; };
		25F5FF7D0FA71ED40002BE66 /* Scorer.h */ = {isa = PBXFileReference; fileEncoding = 4; lastKnownFileType = sourcecode.c.h; path = Scorer.h; sourceTree = "<group>"; };
		25F5FF7E0FA71ED40002BE66 /* Scorer.cpp */ = {isa = PBXFileReference; fileEncoding = 4; lastKnownFileType = sourcecode.cpp.cpp; path = Scorer.cpp; sourceTree = "<group>"; };
		25F5FF7F0FA71ED40002BE66 /* Options.h */ = {isa = PBXFileReference; fileEncoding = 4; lastKnownFileType = sourcecode.c.h; path = Options.h; sourceTree = "<group>"; };
		25F5FF800FA71ED40002BE66 /* Options.cpp */ = {isa = PBXFileReference; fileEncoding = 4; lastKnownFileType = sourcecode.cpp.cpp; path = Options.cpp; sourceTree = "<group>"; };
		25F5FF810FA71ED40002BE66 /* Menu.h */ = {isa = PBXFileReference; fileEncoding = 4; lastKnownFileType = sourcecode.c.h; path = Menu.h; sourceTree = "<group>"; };
		25F5FF820FA71ED40002BE66 /* Menu.cpp */ = {isa = PBXFileReference; fileEncoding = 4; lastKnownFileType = sourcecode.cpp.cpp; path = Menu.cpp; sourceTree = "<group>"; };
		25F5FF830FA71ED40002BE66 /* LineSprite.h */ = {isa = PBXFileReference; fileEncoding = 4; lastKnownFileType = sourcecode.c.h; path = LineSprite.h; sourceTree = "<group>"; };
		25F5FF840FA71ED40002BE66 /* LineSprite.cpp */ = {isa = PBXFileReference; fileEncoding = 4; lastKnownFileType = sourcecode.cpp.cpp; path = LineSprite.cpp; sourceTree = "<group>"; };
		25F5FF850FA71ED40002BE66 /* Input.h */ = {isa = PBXFileReference; fileEncoding = 4; lastKnownFileType = sourcecode.c.h; path = Input.h; sourceTree = "<group>"; };
		25F5FF860FA71ED40002BE66 /* Input.cpp */ = {isa = PBXFileReference; fileEncoding = 4; lastKnownFileType = sourcecode.cpp.cpp; path = Input.cpp; sourceTree = "<group>"; };
		25F5FF890FA71ED40002BE66 /* FilePick.h */ = {isa = PBXFileReference; fileEncoding = 4; lastKnownFileType = sourcecode.c.h; path = FilePick.h; sourceTree = "<group>"; };
		25F5FF8A0FA71ED40002BE66 /* FilePick.cpp */ = {isa = PBXFileReference; fileEncoding = 4; lastKnownFileType = sourcecode.cpp.cpp; path = FilePick.cpp; sourceTree = "<group>"; };
		25F5FF8B0FA71ED40002BE66 /* GuitarMain.cpp */ = {isa = PBXFileReference; fileEncoding = 4; lastKnownFileType = sourcecode.cpp.cpp; path = GuitarMain.cpp; sourceTree = "<group>"; };
		25F5FF8C0FA71ED40002BE66 /* Guitar.h */ = {isa = PBXFileReference; fileEncoding = 4; lastKnownFileType = sourcecode.c.h; path = Guitar.h; sourceTree = "<group>"; };
		25F5FF8D0FA71ED40002BE66 /* Guitar.cpp */ = {isa = PBXFileReference; fileEncoding = 4; lastKnownFileType = sourcecode.cpp.cpp; path = Guitar.cpp; sourceTree = "<group>"; };
		25F5FFC00FA71F4C0002BE66 /* Directory.h */ = {isa = PBXFileReference; fileEncoding = 4; lastKnownFileType = sourcecode.c.h; name = Directory.h; path = utilities/Directory.h; sourceTree = "<group>"; };
		25F5FFC10FA71F4C0002BE66 /* Directory_posix.cpp */ = {isa = PBXFileReference; fileEncoding = 4; lastKnownFileType = sourcecode.cpp.cpp; name = Directory_posix.cpp; path = utilities/Directory_posix.cpp; sourceTree = "<group>"; };
		25F5FFC30FA71F4C0002BE66 /* FileCopy.cpp */ = {isa = PBXFileReference; fileEncoding = 4; lastKnownFileType = sourcecode.cpp.cpp; name = FileCopy.cpp; path = utilities/FileCopy.cpp; sourceTree = "<group>"; };
		25F5FFC40FA71F4C0002BE66 /* FileCopy.h */ = {isa = PBXFileReference; fileEncoding = 4; lastKnownFileType = sourcecode.c.h; name = FileCopy.h; path = utilities/FileCopy.h; sourceTree = "<group>"; };
		32DBCF6D0370B57F00C91783 /* guitarstorm_Prefix.pch */ = {isa = PBXFileReference; fileEncoding = 4; lastKnownFileType = sourcecode.c.h; path = guitarstorm_Prefix.pch; sourceTree = "<group>"; };
		3CCF0FD00D86E157003173B5 /* complex.h */ = {isa = PBXFileReference; fileEncoding = 4; lastKnownFileType = sourcecode.c.h; name = complex.h; path = fft/complex.h; sourceTree = "<group>"; };
		3CCF0FD50D86E157003173B5 /* w.h */ = {isa = PBXFileReference; fileEncoding = 4; lastKnownFileType = sourcecode.c.h; name = w.h; path = fft/w.h; sourceTree = "<group>"; };
		3CCF0FDA0D86E16E003173B5 /* accidentals.cpp */ = {isa = PBXFileReference; fileEncoding = 4; lastKnownFileType = sourcecode.cpp.cpp; name = accidentals.cpp; path = kguitar/accidentals.cpp; sourceTree = "<group>"; };
		3CCF0FDB0D86E16E003173B5 /* accidentals.h */ = {isa = PBXFileReference; fileEncoding = 4; lastKnownFileType = sourcecode.c.h; name = accidentals.h; path = kguitar/accidentals.h; sourceTree = "<group>"; };
		3CCF0FDC0D86E16E003173B5 /* convertgtp.cpp */ = {isa = PBXFileReference; fileEncoding = 4; lastKnownFileType = sourcecode.cpp.cpp; name = convertgtp.cpp; path = kguitar/convertgtp.cpp; sourceTree = "<group>"; };
		3CCF0FDD0D86E16E003173B5 /* convertgtp.h */ = {isa = PBXFileReference; fileEncoding = 4; lastKnownFileType = sourcecode.c.h; name = convertgtp.h; path = kguitar/convertgtp.h; sourceTree = "<group>"; };
		3CCF0FDE0D86E16E003173B5 /* global.h */ = {isa = PBXFileReference; fileEncoding = 4; lastKnownFileType = sourcecode.c.h; name = global.h; path = kguitar/global.h; sourceTree = "<group>"; };
		3CCF0FDF0D86E16E003173B5 /* tabcolumn.cpp */ = {isa = PBXFileReference; fileEncoding = 4; lastKnownFileType = sourcecode.cpp.cpp; name = tabcolumn.cpp; path = kguitar/tabcolumn.cpp; sourceTree = "<group>"; };
		3CCF0FE00D86E16E003173B5 /* tabcolumn.h */ = {isa = PBXFileReference; fileEncoding = 4; lastKnownFileType = sourcecode.c.h; name = tabcolumn.h; path = kguitar/tabcolumn.h; sourceTree = "<group>"; };
		3CCF0FE10D86E16E003173B5 /* tabsong.cpp */ = {isa = PBXFileReference; fileEncoding = 4; lastKnownFileType = sourcecode.cpp.cpp; name = tabsong.cpp; path = kguitar/tabsong.cpp; sourceTree = "<group>"; };
		3CCF0FE20D86E16E003173B5 /* tabsong.h */ = {isa = PBXFileReference; fileEncoding = 4; lastKnownFileType = sourcecode.c.h; name = tabsong.h; path = kguitar/tabsong.h; sourceTree = "<group>"; };
		3CCF0FE30D86E16E003173B5 /* tabtrack.cpp */ = {isa = PBXFileReference; fileEncoding = 4; lastKnownFileType = sourcecode.cpp.cpp; name = tabtrack.cpp; path = kguitar/tabtrack.cpp; sourceTree = "<group>"; };
		3CCF0FE40D86E16E003173B5 /* tabtrack.h */ = {isa = PBXFileReference; fileEncoding = 4; lastKnownFileType = sourcecode.c.h; name = tabtrack.h; path = kguitar/tabtrack.h; sourceTree = "<group>"; };
		3CCF10180D86E4F8003173B5 /* AudioToolbox.framework */ = {isa = PBXFileReference; lastKnownFileType = wrapper.framework; name = AudioToolbox.framework; path = /System/Library/Frameworks/AudioToolbox.framework; sourceTree = "<absolute>"; };
		3CCF101A0D86E502003173B5 /* AudioUnit.framework */ = {isa = PBXFileReference; lastKnownFileType = wrapper.framework; name = AudioUnit.framework; path = /System/Library/Frameworks/AudioUnit.framework; sourceTree = "<absolute>"; };
		3CCF101C0D86E513003173B5 /* CoreAudio.framework */ = {isa = PBXFileReference; lastKnownFileType = wrapper.framework; name = CoreAudio.framework; path = /System/Library/Frameworks/CoreAudio.framework; sourceTree = "<absolute>"; };
		3CCF101E0D86E520003173B5 /* CoreServices.framework */ = {isa = PBXFileReference; lastKnownFileType = wrapper.framework; name = CoreServices.framework; path = /System/Library/Frameworks/CoreServices.framework; sourceTree = "<absolute>"; };
		3CCF102A0D86E71B003173B5 /* tabs */ = {isa = PBXFileReference; lastKnownFileType = folder; path = tabs; sourceTree = "<group>"; };
		3CCF10320D86EA11003173B5 /* fourier.cpp */ = {isa = PBXFileReference; fileEncoding = 4; lastKnownFileType = sourcecode.cpp.cpp; name = fourier.cpp; path = fft/fourier.cpp; sourceTree = "<group>"; };
		3CCF10330D86EA11003173B5 /* fft.cpp */ = {isa = PBXFileReference; fileEncoding = 4; lastKnownFileType = sourcecode.cpp.cpp; name = fft.cpp; path = fft/fft.cpp; sourceTree = "<group>"; };
		8D0C4E960486CD37000505A6 /* Info.plist */ = {isa = PBXFileReference; fileEncoding = 4; lastKnownFileType = text.plist; path = Info.plist; sourceTree = "<group>"; };
		8D0C4E970486CD37000505A6 /* guitarstorm.app */ = {isa = PBXFileReference; explicitFileType = wrapper.application; includeInIndex = 0; path = guitarstorm.app; sourceTree = BUILT_PRODUCTS_DIR; };
/* End PBXFileReference section */

/* Begin PBXFrameworksBuildPhase section */
		8D0C4E910486CD37000505A6 /* Frameworks */ = {
			isa = PBXFrameworksBuildPhase;
			buildActionMask = 2147483647;
			files = (
				8D0C4E920486CD37000505A6 /* Carbon.framework in Frameworks */,
				1F49F70F07AD6F2D0058BE5D /* osgParticle.framework in Frameworks */,
				1F49F71007AD6F2D0058BE5D /* osgSim.framework in Frameworks */,
				1F49F71107AD6F2D0058BE5D /* OpenThreads.framework in Frameworks */,
				1F49F71207AD6F2D0058BE5D /* osgGA.framework in Frameworks */,
				1F49F71307AD6F2D0058BE5D /* osg.framework in Frameworks */,
				1F49F71507AD6F2D0058BE5D /* osgFX.framework in Frameworks */,
				1F49F71607AD6F2D0058BE5D /* osgText.framework in Frameworks */,
				1F49F71807AD6F2D0058BE5D /* osgDB.framework in Frameworks */,
				1F49F83707AD6F520058BE5D /* OpenGL.framework in Frameworks */,
				1F9A4951082D65C40032CDE9 /* osgUtil.framework in Frameworks */,
				1FF6110B082F118D004EB1E4 /* osgViewer.framework in Frameworks */,
				1FD8F432088C87A500B4318C /* osgIntrospection.framework in Frameworks */,
				3CCF10190D86E4F8003173B5 /* AudioToolbox.framework in Frameworks */,
				3CCF101B0D86E502003173B5 /* AudioUnit.framework in Frameworks */,
				3CCF101D0D86E513003173B5 /* CoreAudio.framework in Frameworks */,
				3CCF101F0D86E520003173B5 /* CoreServices.framework in Frameworks */,
				254322C30FA6771200D258A6 /* libportaudio.a in Frameworks */,
				25F5FF4B0FA71A790002BE66 /* libid3tag.a in Frameworks */,
				25F5FF4C0FA71A790002BE66 /* libmad.a in Frameworks */,
				25F5002A0FA725D60002BE66 /* libsamplerate.a in Frameworks */,
			);
			runOnlyForDeploymentPostprocessing = 0;
		};
/* End PBXFrameworksBuildPhase section */

/* Begin PBXGroup section */
		195DF8CFFE9D517E11CA2CBB /* Products */ = {
			isa = PBXGroup;
			children = (
				8D0C4E970486CD37000505A6 /* guitarstorm.app */,
			);
			name = Products;
			sourceTree = "<group>";
		};
		1F49F6FE07AD6F150058BE5D /* OSG */ = {
			isa = PBXGroup;
			children = (
				1FF61109082F118D004EB1E4 /* osgViewer.framework */,
				1F9A4950082D65C40032CDE9 /* osgUtil.framework */,
				1F49F70407AD6F2D0058BE5D /* osgParticle.framework */,
				1F49F70507AD6F2D0058BE5D /* osgSim.framework */,
				1F49F70607AD6F2D0058BE5D /* OpenThreads.framework */,
				1F49F70707AD6F2D0058BE5D /* osgGA.framework */,
				1FD8F431088C87A500B4318C /* osgIntrospection.framework */,
				1F49F70807AD6F2D0058BE5D /* osg.framework */,
				1F49F70907AD6F2D0058BE5D /* osgTerrain.framework */,
				1F49F70A07AD6F2D0058BE5D /* osgFX.framework */,
				1F49F70B07AD6F2D0058BE5D /* osgText.framework */,
				1F49F70D07AD6F2D0058BE5D /* osgDB.framework */,
			);
			name = OSG;
			sourceTree = "<group>";
		};
		20286C29FDCF999611CA2CEA /* guitarstorm */ = {
			isa = PBXGroup;
			children = (
				20286C2AFDCF999611CA2CEA /* Sources */,
				20286C2CFDCF999611CA2CEA /* Resources */,
				20286C32FDCF999611CA2CEA /* External Frameworks and Libraries */,
				195DF8CFFE9D517E11CA2CBB /* Products */,
			);
			name = guitarstorm;
			sourceTree = "<group>";
		};
		20286C2AFDCF999611CA2CEA /* Sources */ = {
			isa = PBXGroup;
			children = (
				25F5FF6F0FA71ED40002BE66 /* TunerMenu.h */,
				25F5FF700FA71ED40002BE66 /* TunerMenu.cpp */,
				25F5FF710FA71ED40002BE66 /* Tuner.h */,
				25F5FF720FA71ED40002BE66 /* Tuner.cpp */,
				25F5FF730FA71ED40002BE66 /* Sprite.h */,
				25F5FF740FA71ED40002BE66 /* Sprite.cpp */,
				25F5FF750FA71ED40002BE66 /* SongPlayMenu.h */,
				25F5FF760FA71ED40002BE66 /* SongPlayMenu.cpp */,
				25F5FF770FA71ED40002BE66 /* SongListItem.h */,
				25F5FF780FA71ED40002BE66 /* SongListItem.cpp */,
				25F5FF790FA71ED40002BE66 /* SongEditMenu.h */,
				25F5FF7A0FA71ED40002BE66 /* SongEditMenu.cpp */,
				25F5FF7B0FA71ED40002BE66 /* Song.h */,
				25F5FF7C0FA71ED40002BE66 /* Song.cpp */,
				25F5FF7D0FA71ED40002BE66 /* Scorer.h */,
				25F5FF7E0FA71ED40002BE66 /* Scorer.cpp */,
				25F5FF7F0FA71ED40002BE66 /* Options.h */,
				25F5FF800FA71ED40002BE66 /* Options.cpp */,
				25F5FF810FA71ED40002BE66 /* Menu.h */,
				25F5FF820FA71ED40002BE66 /* Menu.cpp */,
				25F5FF830FA71ED40002BE66 /* LineSprite.h */,
				25F5FF840FA71ED40002BE66 /* LineSprite.cpp */,
				25F5FF850FA71ED40002BE66 /* Input.h */,
				25F5FF860FA71ED40002BE66 /* Input.cpp */,
				25F5FF890FA71ED40002BE66 /* FilePick.h */,
				25F5FF8A0FA71ED40002BE66 /* FilePick.cpp */,
				25F5FF8B0FA71ED40002BE66 /* GuitarMain.cpp */,
				25F5FF8C0FA71ED40002BE66 /* Guitar.h */,
				25F5FF8D0FA71ED40002BE66 /* Guitar.cpp */,
				25F5FF6B0FA71EA70002BE66 /* Backing.h */,
				25F5FF6C0FA71EA70002BE66 /* Backing.cpp */,
				25F5FF680FA71E9D0002BE66 /* Audio.cpp */,
				25F5FF690FA71E9D0002BE66 /* Audio.h */,
				25F5FFBF0FA71F3C0002BE66 /* utilities */,
				3CCF0FCF0D86E149003173B5 /* kguitar */,
				3CCF0FCE0D86E143003173B5 /* fft */,
				32DBCF6D0370B57F00C91783 /* guitarstorm_Prefix.pch */,
			);
			name = Sources;
			sourceTree = "<group>";
		};
		20286C2CFDCF999611CA2CEA /* Resources */ = {
			isa = PBXGroup;
			children = (
				25F500360FA726890002BE66 /* images */,
				3CCF102A0D86E71B003173B5 /* tabs */,
				8D0C4E960486CD37000505A6 /* Info.plist */,
				0867D6AAFE840B52C02AAC07 /* InfoPlist.strings */,
				02345980000FD03B11CA0E72 /* main.nib */,
			);
			name = Resources;
			sourceTree = "<group>";
		};
		20286C32FDCF999611CA2CEA /* External Frameworks and Libraries */ = {
			isa = PBXGroup;
			children = (
				25F500290FA725D60002BE66 /* libsamplerate.a */,
				25F5FF490FA71A790002BE66 /* libid3tag.a */,
				25F5FF4A0FA71A790002BE66 /* libmad.a */,
				254322C20FA6771200D258A6 /* libportaudio.a */,
				3CCF101E0D86E520003173B5 /* CoreServices.framework */,
				3CCF101C0D86E513003173B5 /* CoreAudio.framework */,
				3CCF101A0D86E502003173B5 /* AudioUnit.framework */,
				3CCF10180D86E4F8003173B5 /* AudioToolbox.framework */,
				1F49F6FE07AD6F150058BE5D /* OSG */,
				1F49F83507AD6F520058BE5D /* OpenGL.framework */,
				20286C33FDCF999611CA2CEA /* Carbon.framework */,
			);
			name = "External Frameworks and Libraries";
			sourceTree = "<group>";
		};
		25F500360FA726890002BE66 /* images */ = {
			isa = PBXGroup;
			children = (
				25F500370FA726890002BE66 /* arm.tga */,
				25F500380FA726890002BE66 /* body.tga */,
				25F500390FA726890002BE66 /* bstring.tga */,
				25F5003A0FA726890002BE66 /* cd.tga */,
				25F5003B0FA726890002BE66 /* circle.tga */,
				25F5003C0FA726890002BE66 /* duskcloudy.jpg */,
				25F5003D0FA726890002BE66 /* duskcontrast.jpg */,
				25F5003E0FA726890002BE66 /* duskstormy.jpg */,
				25F5003F0FA726890002BE66 /* fret.tga */,
				25F500400FA726890002BE66 /* head.tga */,
				25F500410FA726890002BE66 /* neck.tga */,
				25F500420FA726890002BE66 /* nut.tga */,
				25F500430FA726890002BE66 /* pick.tga */,
				25F500440FA726890002BE66 /* tick.tga */,
				25F500450FA726890002BE66 /* tstring.tga */,
				25F500460FA726890002BE66 /* tuner.tga */,
			);
			path = images;
			sourceTree = "<group>";
		};
		25F5FFBF0FA71F3C0002BE66 /* utilities */ = {
			isa = PBXGroup;
			children = (
				25F5FFC00FA71F4C0002BE66 /* Directory.h */,
				25F5FFC10FA71F4C0002BE66 /* Directory_posix.cpp */,
				25F5FFC30FA71F4C0002BE66 /* FileCopy.cpp */,
				25F5FFC40FA71F4C0002BE66 /* FileCopy.h */,
			);
			name = utilities;
			sourceTree = "<group>";
		};
		3CCF0FCE0D86E143003173B5 /* fft */ = {
			isa = PBXGroup;
			children = (
				3CCF10320D86EA11003173B5 /* fourier.cpp */,
				3CCF10330D86EA11003173B5 /* fft.cpp */,
				3CCF0FD00D86E157003173B5 /* complex.h */,
				3CCF0FD50D86E157003173B5 /* w.h */,
			);
			name = fft;
			sourceTree = "<group>";
		};
		3CCF0FCF0D86E149003173B5 /* kguitar */ = {
			isa = PBXGroup;
			children = (
				3CCF0FDA0D86E16E003173B5 /* accidentals.cpp */,
				3CCF0FDB0D86E16E003173B5 /* accidentals.h */,
				3CCF0FDC0D86E16E003173B5 /* convertgtp.cpp */,
				3CCF0FDD0D86E16E003173B5 /* convertgtp.h */,
				3CCF0FDE0D86E16E003173B5 /* global.h */,
				3CCF0FDF0D86E16E003173B5 /* tabcolumn.cpp */,
				3CCF0FE00D86E16E003173B5 /* tabcolumn.h */,
				3CCF0FE10D86E16E003173B5 /* tabsong.cpp */,
				3CCF0FE20D86E16E003173B5 /* tabsong.h */,
				3CCF0FE30D86E16E003173B5 /* tabtrack.cpp */,
				3CCF0FE40D86E16E003173B5 /* tabtrack.h */,
			);
			name = kguitar;
			sourceTree = "<group>";
		};
/* End PBXGroup section */

/* Begin PBXNativeTarget section */
		8D0C4E890486CD37000505A6 /* guitarstorm */ = {
			isa = PBXNativeTarget;
			buildConfigurationList = 3CCF0F9A0D86DFEF003173B5 /* Build configuration list for PBXNativeTarget "guitarstorm" */;
			buildPhases = (
				8D0C4E8C0486CD37000505A6 /* Resources */,
				8D0C4E8F0486CD37000505A6 /* Sources */,
				8D0C4E910486CD37000505A6 /* Frameworks */,
			);
			buildRules = (
			);
			dependencies = (
			);
			name = guitarstorm;
			productInstallPath = "$(HOME)/Applications";
			productName = guitarstorm;
			productReference = 8D0C4E970486CD37000505A6 /* guitarstorm.app */;
			productType = "com.apple.product-type.application";
		};
/* End PBXNativeTarget section */

/* Begin PBXProject section */
		20286C28FDCF999611CA2CEA /* Project object */ = {
			isa = PBXProject;
			buildConfigurationList = 3CCF0F990D86DFEF003173B5 /* Build configuration list for PBXProject "guitarstorm" */;
			compatibilityVersion = "Xcode 2.4";
			hasScannedForEncodings = 1;
			mainGroup = 20286C29FDCF999611CA2CEA /* guitarstorm */;
			projectDirPath = "";
			projectRoot = "";
			targets = (
				8D0C4E890486CD37000505A6 /* guitarstorm */,
			);
		};
/* End PBXProject section */

/* Begin PBXResourcesBuildPhase section */
		8D0C4E8C0486CD37000505A6 /* Resources */ = {
			isa = PBXResourcesBuildPhase;
			buildActionMask = 2147483647;
			files = (
				8D0C4E8D0486CD37000505A6 /* InfoPlist.strings in Resources */,
				8D0C4E8E0486CD37000505A6 /* main.nib in Resources */,
				3CCF102F0D86E71B003173B5 /* tabs in Resources */,
				25F500470FA726890002BE66 /* arm.tga in Resources */,
				25F500480FA726890002BE66 /* body.tga in Resources */,
				25F500490FA726890002BE66 /* bstring.tga in Resources */,
				25F5004A0FA726890002BE66 /* cd.tga in Resources */,
				25F5004B0FA726890002BE66 /* circle.tga in Resources */,
				25F5004C0FA726890002BE66 /* duskcloudy.jpg in Resources */,
				25F5004D0FA726890002BE66 /* duskcontrast.jpg in Resources */,
				25F5004E0FA726890002BE66 /* duskstormy.jpg in Resources */,
				25F5004F0FA726890002BE66 /* fret.tga in Resources */,
				25F500500FA726890002BE66 /* head.tga in Resources */,
				25F500510FA726890002BE66 /* neck.tga in Resources */,
				25F500520FA726890002BE66 /* nut.tga in Resources */,
				25F500530FA726890002BE66 /* pick.tga in Resources */,
				25F500540FA726890002BE66 /* tick.tga in Resources */,
				25F500550FA726890002BE66 /* tstring.tga in Resources */,
				25F500560FA726890002BE66 /* tuner.tga in Resources */,
			);
			runOnlyForDeploymentPostprocessing = 0;
		};
/* End PBXResourcesBuildPhase section */

/* Begin PBXSourcesBuildPhase section */
		8D0C4E8F0486CD37000505A6 /* Sources */ = {
			isa = PBXSourcesBuildPhase;
			buildActionMask = 2147483647;
			files = (
				3CCF0FE50D86E16E003173B5 /* accidentals.cpp in Sources */,
				3CCF0FE60D86E16E003173B5 /* convertgtp.cpp in Sources */,
				3CCF0FE70D86E16E003173B5 /* tabcolumn.cpp in Sources */,
				3CCF0FE80D86E16E003173B5 /* tabsong.cpp in Sources */,
				3CCF0FE90D86E16E003173B5 /* tabtrack.cpp in Sources */,
				3CCF10340D86EA11003173B5 /* fourier.cpp in Sources */,
				3CCF10350D86EA11003173B5 /* fft.cpp in Sources */,
				25F5FF6A0FA71E9D0002BE66 /* Audio.cpp in Sources */,
				25F5FF6D0FA71EA70002BE66 /* Backing.cpp in Sources */,
				25F5FF900FA71ED40002BE66 /* TunerMenu.cpp in Sources */,
				25F5FF910FA71ED40002BE66 /* Tuner.cpp in Sources */,
				25F5FF920FA71ED40002BE66 /* Sprite.cpp in Sources */,
				25F5FF930FA71ED40002BE66 /* SongPlayMenu.cpp in Sources */,
				25F5FF940FA71ED40002BE66 /* SongListItem.cpp in Sources */,
				25F5FF950FA71ED40002BE66 /* SongEditMenu.cpp in Sources */,
				25F5FF960FA71ED40002BE66 /* Song.cpp in Sources */,
				25F5FF970FA71ED40002BE66 /* Scorer.cpp in Sources */,
				25F5FF980FA71ED40002BE66 /* Options.cpp in Sources */,
				25F5FF990FA71ED40002BE66 /* Menu.cpp in Sources */,
				25F5FF9A0FA71ED40002BE66 /* LineSprite.cpp in Sources */,
				25F5FF9B0FA71ED40002BE66 /* Input.cpp in Sources */,
				25F5FF9D0FA71ED40002BE66 /* FilePick.cpp in Sources */,
				25F5FF9E0FA71ED40002BE66 /* GuitarMain.cpp in Sources */,
				25F5FF9F0FA71ED40002BE66 /* Guitar.cpp in Sources */,
				25F5FFC50FA71F4C0002BE66 /* Directory_posix.cpp in Sources */,
				25F5FFC70FA71F4C0002BE66 /* FileCopy.cpp in Sources */,
			);
			runOnlyForDeploymentPostprocessing = 0;
		};
/* End PBXSourcesBuildPhase section */

/* Begin PBXVariantGroup section */
		02345980000FD03B11CA0E72 /* main.nib */ = {
			isa = PBXVariantGroup;
			children = (
				1870340FFE93FCAF11CA0CD7 /* English */,
			);
			name = main.nib;
			sourceTree = "<group>";
		};
		0867D6AAFE840B52C02AAC07 /* InfoPlist.strings */ = {
			isa = PBXVariantGroup;
			children = (
				0867D6ABFE840B52C02AAC07 /* English */,
			);
			name = InfoPlist.strings;
			sourceTree = "<group>";
		};
/* End PBXVariantGroup section */

/* Begin XCBuildConfiguration section */
		3CCF0F930D86DFEF003173B5 /* Development */ = {
			isa = XCBuildConfiguration;
			buildSettings = {
			};
			name = Development;
		};
		3CCF0F940D86DFEF003173B5 /* Deployment */ = {
			isa = XCBuildConfiguration;
			buildSettings = {
			};
			name = Deployment;
		};
		3CCF0F950D86DFEF003173B5 /* Default */ = {
			isa = XCBuildConfiguration;
			buildSettings = {
			};
			name = Default;
		};
		3CCF0F960D86DFEF003173B5 /* Development */ = {
			isa = XCBuildConfiguration;
			buildSettings = {
				COPY_PHASE_STRIP = NO;
				GCC_DYNAMIC_NO_PIC = NO;
				GCC_ENABLE_FIX_AND_CONTINUE = YES;
				GCC_GENERATE_DEBUGGING_SYMBOLS = YES;
				GCC_OPTIMIZATION_LEVEL = 0;
				GCC_PRECOMPILE_PREFIX_HEADER = YES;
				GCC_PREFIX_HEADER = guitarstorm_Prefix.pch;
				GCC_PREPROCESSOR_DEFINITIONS = __USE_OSX_AGL_IMPLEMENTATION__;
				GCC_SYMBOLS_PRIVATE_EXTERN = NO;
				HEADER_SEARCH_PATHS = /sw/include;
				INFOPLIST_FILE = Info.plist;
				INSTALL_PATH = "$(HOME)/Applications";
				LIBRARY_SEARCH_PATHS = (
					"$(inherited)",
					"$(LIBRARY_SEARCH_PATHS_QUOTED_FOR_TARGET_1)",
					/sw/lib,
				);
				LIBRARY_SEARCH_PATHS_QUOTED_FOR_TARGET_1 = "\"$(SRCROOT)/mac/portaudio\"";
				OTHER_CFLAGS = "-DMACOSX";
				PREBINDING = NO;
				PRODUCT_NAME = guitarstorm;
				WRAPPER_EXTENSION = app;
				ZERO_LINK = YES;
			};
			name = Development;
		};
		3CCF0F970D86DFEF003173B5 /* Deployment */ = {
			isa = XCBuildConfiguration;
			buildSettings = {
				COPY_PHASE_STRIP = YES;
				GCC_ENABLE_FIX_AND_CONTINUE = NO;
				GCC_GENERATE_DEBUGGING_SYMBOLS = NO;
				GCC_PRECOMPILE_PREFIX_HEADER = YES;
				GCC_PREFIX_HEADER = guitarstorm_Prefix.pch;
				GCC_PREPROCESSOR_DEFINITIONS = __USE_OSX_AGL_IMPLEMENTATION__;
				GCC_SYMBOLS_PRIVATE_EXTERN = NO;
				INFOPLIST_FILE = Info.plist;
				INSTALL_PATH = "$(HOME)/Applications";
				LIBRARY_SEARCH_PATHS = (
					"$(inherited)",
					"$(LIBRARY_SEARCH_PATHS_QUOTED_FOR_TARGET_1)",
					/sw/lib,
				);
				LIBRARY_SEARCH_PATHS_QUOTED_FOR_TARGET_1 = "\"$(SRCROOT)/mac/portaudio\"";
				OTHER_CFLAGS = "-DMACOSX";
				PRODUCT_NAME = guitarstorm;
				WRAPPER_EXTENSION = app;
				ZERO_LINK = NO;
			};
			name = Deployment;
		};
		3CCF0F980D86DFEF003173B5 /* Default */ = {
			isa = XCBuildConfiguration;
			buildSettings = {
				GCC_GENERATE_DEBUGGING_SYMBOLS = NO;
				GCC_PRECOMPILE_PREFIX_HEADER = YES;
				GCC_PREFIX_HEADER = guitarstorm_Prefix.pch;
				GCC_PREPROCESSOR_DEFINITIONS = __USE_OSX_AGL_IMPLEMENTATION__;
				GCC_SYMBOLS_PRIVATE_EXTERN = NO;
				INFOPLIST_FILE = Info.plist;
				INSTALL_PATH = "$(HOME)/Applications";
				LIBRARY_SEARCH_PATHS = (
					"$(inherited)",
					"$(LIBRARY_SEARCH_PATHS_QUOTED_FOR_TARGET_1)",
					/sw/lib,
				);
				LIBRARY_SEARCH_PATHS_QUOTED_FOR_TARGET_1 = "\"$(SRCROOT)/mac/portaudio\"";
				OTHER_CFLAGS = "-DMACOSX";
				PRODUCT_NAME = guitarstorm;
				WRAPPER_EXTENSION = app;
			};
			name = Default;
		};
/* End XCBuildConfiguration section */

/* Begin XCConfigurationList section */
		3CCF0F990D86DFEF003173B5 /* Build configuration list for PBXProject "guitarstorm" */ = {
			isa = XCConfigurationList;
			buildConfigurations = (
				3CCF0F930D86DFEF003173B5 /* Development */,
				3CCF0F940D86DFEF003173B5 /* Deployment */,
				3CCF0F950D86DFEF003173B5 /* Default */,
			);
			defaultConfigurationIsVisible = 0;
			defaultConfigurationName = Default;
		};
		3CCF0F9A0D86DFEF003173B5 /* Build configuration list for PBXNativeTarget "guitarstorm" */ = {
			isa = XCConfigurationList;
			buildConfigurations = (
				3CCF0F960D86DFEF003173B5 /* Development */,
				3CCF0F970D86DFEF003173B5 /* Deployment */,
				3CCF0F980D86DFEF003173B5 /* Default */,
			);
			defaultConfigurationIsVisible = 0;
			defaultConfigurationName = Default;
		};
/* End XCConfigurationList section */
	};
	rootObject = 20286C28FDCF999611CA2CEA /* Project object */;
}
